
Microsoft Visual Studio Solution File, Format Version 12.00
# Visual Studio Version 17
VisualStudioVersion = 17.0.31903.59
MinimumVisualStudioVersion = 10.0.40219.1
Project("{2150E333-8FDC-42A3-9474-1A3956D46DE8}") = "src", "src", "{CE459D83-CF71-44A9-8BDE-A618C22B2A67}"
EndProject
Project("{2150E333-8FDC-42A3-9474-1A3956D46DE8}") = "Core", "Core", "{40851FED-58C9-4C0C-8079-4113AC24324C}"
EndProject
Project("{2150E333-8FDC-42A3-9474-1A3956D46DE8}") = "Presentation", "Presentation", "{71403D33-9FC4-4782-8431-D62427E26ED2}"
EndProject
Project("{2150E333-8FDC-42A3-9474-1A3956D46DE8}") = "Services", "Services", "{C81D8549-E2E9-4018-A08B-12A6E72D5066}"
EndProject
Project("{2150E333-8FDC-42A3-9474-1A3956D46DE8}") = "Products", "Products", "{2F92952B-DFCE-4F1C-9C6F-F2CF1D6E6C3B}"
EndProject
Project("{2150E333-8FDC-42A3-9474-1A3956D46DE8}") = "Orders", "Orders", "{CD8D6278-9382-4EA1-B86D-DA8EAB790FF9}"
EndProject
Project("{2150E333-8FDC-42A3-9474-1A3956D46DE8}") = "Identity", "Identity", "{E38A0B3A-FEAC-4D6A-B0BC-D031705CAD0D}"
EndProject
Project("{9A19103F-16F7-4668-BE54-9A1E7A4F7556}") = "Orders.API", "src\Services\Orders\Orders.API\Orders.API.csproj", "{CD3A9798-92E6-4C3C-806F-DBA9BB23609A}"
EndProject
Project("{9A19103F-16F7-4668-BE54-9A1E7A4F7556}") = "Orders.Infrastructure", "src\Services\Orders\Orders.Infrastructure\Orders.Infrastructure.csproj", "{B4FDD5C6-E35D-4EC5-9257-72DD0F396C5B}"
EndProject
Project("{9A19103F-16F7-4668-BE54-9A1E7A4F7556}") = "Products.Domain", "src\Services\Products\Products.Domain\Products.Domain.csproj", "{6FCF847B-1BB0-4613-8628-AF900C55A362}"
EndProject
Project("{9A19103F-16F7-4668-BE54-9A1E7A4F7556}") = "Products.API", "src\Services\Products\Products.API\Products.API.csproj", "{196C2B06-D0D0-429D-968A-8D01ACEAAF59}"
EndProject
Project("{9A19103F-16F7-4668-BE54-9A1E7A4F7556}") = "Products.Infrastructure", "src\Services\Products\Products.Infrastructure\Products.Infrastructure.csproj", "{71950A2F-8E7D-41CE-AA4F-9A2B820E1E95}"
EndProject
Project("{2150E333-8FDC-42A3-9474-1A3956D46DE8}") = "BuildingBlocks", "BuildingBlocks", "{C2BAF751-D63C-4832-81B5-D8277BDB300F}"
EndProject
Project("{9A19103F-16F7-4668-BE54-9A1E7A4F7556}") = "Identity.Domain", "src\Services\Identity\Identity.Domain\Identity.Domain.csproj", "{0DB676A1-4B8E-4197-9196-29D0FE65F1A3}"
EndProject
Project("{9A19103F-16F7-4668-BE54-9A1E7A4F7556}") = "Identity.API", "src\Services\Identity\Identity.API\Identity.API.csproj", "{10A149C3-B4B0-4029-928D-165EC33D0067}"
EndProject
Project("{9A19103F-16F7-4668-BE54-9A1E7A4F7556}") = "Identity.Common", "src\Services\Identity\Identity.Common\Identity.Common.csproj", "{B3487DF2-C511-442A-8746-FB8C55FEE7C4}"
EndProject
Project("{9A19103F-16F7-4668-BE54-9A1E7A4F7556}") = "Identity.Infrastructure", "src\Services\Identity\Identity.Infrastructure\Identity.Infrastructure.csproj", "{DC8AE7EE-D31E-4312-86CF-0562059068A0}"
EndProject
Project("{9A19103F-16F7-4668-BE54-9A1E7A4F7556}") = "Identity.Application", "src\Services\Identity\Identity.Application\Identity.Application.csproj", "{CEE993A6-A813-4BB5-992A-27CD1E18ECA5}"
EndProject
Project("{9A19103F-16F7-4668-BE54-9A1E7A4F7556}") = "Identity.Persistence", "src\Services\Identity\Identity.Persistence\Identity.Persistence.csproj", "{DCCAE730-B7DF-4912-8EBE-FBBEB10E14A7}"
EndProject
Project("{2150E333-8FDC-42A3-9474-1A3956D46DE8}") = "Catalogs", "Catalogs", "{20F35552-E7E2-4F22-9CD4-78FDD8A8AE4C}"
EndProject
Project("{9A19103F-16F7-4668-BE54-9A1E7A4F7556}") = "Catalogs.Domain", "src\Services\Catalogs\Catalogs.Domain\Catalogs.Domain.csproj", "{871DA2AE-695D-4933-9BDD-5A494F224C21}"
EndProject
Project("{9A19103F-16F7-4668-BE54-9A1E7A4F7556}") = "Catalogs.Application", "src\Services\Catalogs\Catalogs.Application\Catalogs.Application.csproj", "{347C6AFF-8CA7-436D-9579-92B42029AB43}"
EndProject
Project("{9A19103F-16F7-4668-BE54-9A1E7A4F7556}") = "Catalogs.Persistence", "src\Services\Catalogs\Catalogs.Persistence\Catalogs.Persistence.csproj", "{6C2991E0-6FB2-4C4B-AE0F-297A034C5B2F}"
EndProject
Project("{9A19103F-16F7-4668-BE54-9A1E7A4F7556}") = "Catalogs.API", "src\Services\Catalogs\Catalogs.API\Catalogs.API.csproj", "{C27AB1B5-6FC3-4F3D-B692-3AAEFA6C2142}"
EndProject
Project("{9A19103F-16F7-4668-BE54-9A1E7A4F7556}") = "Catalogs.Common", "src\Services\Catalogs\Catalogs.Common\Catalogs.Common.csproj", "{21FACDAE-6ABF-4B7C-A583-D426D2E60B54}"
EndProject
Project("{9A19103F-16F7-4668-BE54-9A1E7A4F7556}") = "Orders.Domain", "src\Services\Orders\Orders.Domain\Orders.Domain\Orders.Domain.csproj", "{6F91E551-192A-4FCF-A459-941B08337142}"
EndProject
Project("{9A19103F-16F7-4668-BE54-9A1E7A4F7556}") = "Orders.Application", "src\Services\Orders\Orders.Application\Orders.Application.csproj", "{BBB7AAA8-1EBA-4A72-ABAC-3338E5406223}"
EndProject
Project("{9A19103F-16F7-4668-BE54-9A1E7A4F7556}") = "Orders.Common", "src\Services\Orders\Orders.Common\Orders.Common.csproj", "{BF8BF091-E496-4E6D-AA28-5BE3A2D12C8B}"
EndProject
Project("{9A19103F-16F7-4668-BE54-9A1E7A4F7556}") = "Products.Persistence", "src\Services\Products\Products.Persistence\Products.Persistence.csproj", "{3B610306-B985-46E2-9A4F-9F454C73FE0B}"
EndProject
Project("{9A19103F-16F7-4668-BE54-9A1E7A4F7556}") = "Orders.Persistence", "src\Services\Orders\Orders.Persistence\Orders.Persistence.csproj", "{3C85880E-80DE-44EA-ABBC-A0F605922A5B}"
EndProject
Project("{E53339B2-1760-4266-BCC7-CA923CBCF16C}") = "docker-compose", "docker-compose.dcproj", "{21F981F7-5629-40B0-BA9A-EE9F049EE572}"
EndProject
Project("{2150E333-8FDC-42A3-9474-1A3956D46DE8}") = "EventBus", "EventBus", "{3358F6BC-84A3-46FE-B607-DF3CA45867C0}"
EndProject
Project("{9A19103F-16F7-4668-BE54-9A1E7A4F7556}") = "EventBus.Base", "src\BuildingBlocks\EventBus.Base\EventBus.Base.csproj", "{71FE259A-3EC9-48D5-B11C-1FE3222AA3CD}"
EndProject
Project("{9A19103F-16F7-4668-BE54-9A1E7A4F7556}") = "EventBus.Factory", "src\BuildingBlocks\EventBus.Factory\EventBus.Factory.csproj", "{C653B3C7-39AD-4AFD-A73E-9DEF04CC5F63}"
EndProject
Project("{9A19103F-16F7-4668-BE54-9A1E7A4F7556}") = "EventBus.RabbitMQ", "src\BuildingBlocks\EventBus.RabbitMQ\EventBus.RabbitMQ.csproj", "{598A7882-DAB4-42E1-B0F9-434948028322}"
EndProject
Project("{2150E333-8FDC-42A3-9474-1A3956D46DE8}") = "Notification", "Notification", "{DB514FEE-70AF-496E-9051-5A9CAFA34D85}"
EndProject
Project("{9A19103F-16F7-4668-BE54-9A1E7A4F7556}") = "NotificationService", "src\Services\Notification\NotificationService\NotificationService.csproj", "{EE9C3710-AF8B-41C7-9D32-6F6423E27C65}"
EndProject
Project("{2150E333-8FDC-42A3-9474-1A3956D46DE8}") = "Baskets", "Baskets", "{451C1E8F-5B14-4E70-BA88-AF47C45DFA0C}"
EndProject
Project("{9A19103F-16F7-4668-BE54-9A1E7A4F7556}") = "Baskets.Domain", "src\Services\Baskets\Baskets.Domain\Baskets.Domain.csproj", "{D7351B7D-21B7-4705-84A9-E0CC67035B27}"
EndProject
Project("{9A19103F-16F7-4668-BE54-9A1E7A4F7556}") = "Baskets.Application", "src\Services\Baskets\Baskets.Application\Baskets.Application.csproj", "{838AFA37-7CC2-4EC9-B5AE-C6461D115A36}"
EndProject
Project("{9A19103F-16F7-4668-BE54-9A1E7A4F7556}") = "Baskets.Persistence", "src\Services\Baskets\Baskets.Persistence\Baskets.Persistence.csproj", "{164A2BFB-8A91-485F-8D68-6AE3787E37FB}"
EndProject
Project("{9A19103F-16F7-4668-BE54-9A1E7A4F7556}") = "Baskets.Infrastructure", "src\Services\Baskets\Baskets.Infrastructure\Baskets.Infrastructure.csproj", "{C8CC70D3-EA58-4BC4-A967-47751FACA21D}"
EndProject
Project("{9A19103F-16F7-4668-BE54-9A1E7A4F7556}") = "Baskets.API", "src\Services\Baskets\Baskets.API\Baskets.API.csproj", "{5DE251D7-B3C8-433A-BB7F-911A7393E586}"
EndProject
Project("{9A19103F-16F7-4668-BE54-9A1E7A4F7556}") = "Baskets.Common", "src\Services\Baskets\Baskets.Common\Baskets.Common.csproj", "{F0FE452F-4B21-4EAD-B95C-18E202F40EED}"
EndProject
Project("{2150E333-8FDC-42A3-9474-1A3956D46DE8}") = "ApiGateways", "ApiGateways", "{DE9DD309-39C4-4936-946C-B93A6B1CA263}"
EndProject
Project("{2150E333-8FDC-42A3-9474-1A3956D46DE8}") = "WebApiGateway", "WebApiGateway", "{4F5AAF2B-9FE1-411C-B6C1-72D699343780}"
EndProject
Project("{9A19103F-16F7-4668-BE54-9A1E7A4F7556}") = "Web.ApiGateway", "src\ApiGateways\WebApiGateway\Web.ApiGateway\Web.ApiGateway.csproj", "{C9E5B7CC-8E3E-482A-B574-0B2B7DAE4CA6}"
EndProject
Project("{2150E333-8FDC-42A3-9474-1A3956D46DE8}") = "Cache", "Cache", "{A0D8DC09-FDC1-447B-A57E-BC13AF7F7B45}"
EndProject
Project("{2150E333-8FDC-42A3-9474-1A3956D46DE8}") = "src", "src", "{2C900821-4531-4AF8-8A58-429E26CFC9C9}"
EndProject
Project("{9A19103F-16F7-4668-BE54-9A1E7A4F7556}") = "ECommerceLP.Core.Cache", "src\Core\Cache\src\ECommerceLP.Core.Cache\ECommerceLP.Core.Cache.csproj", "{E75D8E02-EB1C-476A-8A95-990A4D8EF1CB}"
EndProject
Project("{2150E333-8FDC-42A3-9474-1A3956D46DE8}") = "Abstraction", "Abstraction", "{A17D0C64-9581-4F87-AA2E-F865C68C3485}"
EndProject
Project("{2150E333-8FDC-42A3-9474-1A3956D46DE8}") = "src", "src", "{D3D9FE73-3F50-41DB-BA4B-FB5ECC61240A}"
EndProject
Project("{9A19103F-16F7-4668-BE54-9A1E7A4F7556}") = "ECommerceLP.Core.Abstraction", "src\Core\Abstraction\src\ECommerceLP.Core.Abstraction\ECommerceLP.Core.Abstraction.csproj", "{659DEB40-AF04-47C2-8EE5-3527316FD000}"
EndProject
Project("{2150E333-8FDC-42A3-9474-1A3956D46DE8}") = "Api", "Api", "{BE1067C2-DA5A-4B7B-959B-3889CB9225ED}"
EndProject
Project("{2150E333-8FDC-42A3-9474-1A3956D46DE8}") = "src", "src", "{BC97E57B-5C09-4D42-864C-707BC3FE19CE}"
EndProject
Project("{9A19103F-16F7-4668-BE54-9A1E7A4F7556}") = "ECommerceLP.Core.Api", "src\Core\Api\src\ECommerceLP.Core.Api\ECommerceLP.Core.Api.csproj", "{F756E27C-27B9-45FD-A65D-891FB7212950}"
EndProject
Project("{2150E333-8FDC-42A3-9474-1A3956D46DE8}") = "CQRS", "CQRS", "{CE9B5B9F-68FE-403C-8849-C3266C7F39C8}"
EndProject
Project("{2150E333-8FDC-42A3-9474-1A3956D46DE8}") = "src", "src", "{139F0CB0-022B-4122-9B6B-AA555DEE615D}"
EndProject
Project("{9A19103F-16F7-4668-BE54-9A1E7A4F7556}") = "ECommerceLP.Core.CQRS", "src\Core\CQRS\src\ECommerceLP.Core.CQRS\ECommerceLP.Core.CQRS.csproj", "{06517324-9BCF-4C89-BC31-74BDC183CBB5}"
EndProject
Project("{9A19103F-16F7-4668-BE54-9A1E7A4F7556}") = "ECommerceLP.Core.CQRS.Abstraction", "src\Core\CQRS\src\ECommerceLP.Core.CQRS.Abstraction\ECommerceLP.Core.CQRS.Abstraction.csproj", "{17CECBF5-1120-48C0-B11F-4770869D380B}"
EndProject
Project("{2150E333-8FDC-42A3-9474-1A3956D46DE8}") = "UnitOfWork", "UnitOfWork", "{1B4E05A4-321A-40B6-811E-C6FB4C0D2720}"
EndProject
Project("{2150E333-8FDC-42A3-9474-1A3956D46DE8}") = "src", "src", "{11ABE38D-63B0-49B6-B8D1-FDB77852DD7E}"
EndProject
Project("{9A19103F-16F7-4668-BE54-9A1E7A4F7556}") = "ECommerceLP.Core.UnitOfWork", "src\Core\UnitOfWork\src\ECommerceLP.Core.UnitOfWork\ECommerceLP.Core.UnitOfWork.csproj", "{E4920A57-2E83-4F14-A9BC-5538E463338B}"
EndProject
Project("{9A19103F-16F7-4668-BE54-9A1E7A4F7556}") = "ECommerceLP.Core.UnitOfWork.Abstraction", "src\Core\UnitOfWork\src\ECommerceLP.Core.UnitOfWork.Abstraction\ECommerceLP.Core.UnitOfWork.Abstraction.csproj", "{C9179ABB-1D99-4347-A25B-0D3E75615600}"
EndProject
Project("{2150E333-8FDC-42A3-9474-1A3956D46DE8}") = "DDD", "DDD", "{BCFD1D48-A91C-41B7-81D4-749F9DAA7FC4}"
EndProject
Project("{2150E333-8FDC-42A3-9474-1A3956D46DE8}") = "src", "src", "{D3A23F6B-F968-4FF9-B7E7-605FD17CAD58}"
EndProject
Project("{9A19103F-16F7-4668-BE54-9A1E7A4F7556}") = "ECommerceLP.Core.DDD.Abstraction", "src\Core\DDD\src\ECommerceLP.Core.DDD.Abstraction\ECommerceLP.Core.DDD.Abstraction.csproj", "{B166DA53-AB8E-4CC9-9219-EA5C40B52557}"
EndProject
Project("{9A19103F-16F7-4668-BE54-9A1E7A4F7556}") = "ECommerceLP.Core.DDD", "src\Core\DDD\src\ECommerceLP.Core.DDD\ECommerceLP.Core.DDD.csproj", "{68658D98-23D2-4712-AE2A-A7B60B5308B9}"
EndProject
Project("{2150E333-8FDC-42A3-9474-1A3956D46DE8}") = "Serialization", "Serialization", "{9399346E-037F-4201-88D7-E3CAEB047F6D}"
EndProject
Project("{2150E333-8FDC-42A3-9474-1A3956D46DE8}") = "src", "src", "{FF7B5179-DD57-4639-B0FF-C7763E21EB46}"
EndProject
Project("{9A19103F-16F7-4668-BE54-9A1E7A4F7556}") = "ECommerceLP.Core.Serialization.Abstraction", "src\Core\Serialization\src\ECommerceLP.Core.Serialization.Abstraction\ECommerceLP.Core.Serialization.Abstraction.csproj", "{8A0ECA7F-E183-471F-8AE8-4DCB36F83985}"
EndProject
Project("{9A19103F-16F7-4668-BE54-9A1E7A4F7556}") = "ECommerceLP.Core.Serialization.JSON", "src\Core\Serialization\src\ECommerceLP.Core.Serialization.JSON\ECommerceLP.Core.Serialization.JSON.csproj", "{199494DE-BE10-4340-9ECF-C12948786C57}"
EndProject
Project("{2150E333-8FDC-42A3-9474-1A3956D46DE8}") = "Security", "Security", "{219B87C2-403F-44DF-8DC6-D538BAF74F54}"
EndProject
Project("{2150E333-8FDC-42A3-9474-1A3956D46DE8}") = "src", "src", "{FC70A3B9-0E58-4338-BE0A-945334703CBD}"
EndProject
Project("{9A19103F-16F7-4668-BE54-9A1E7A4F7556}") = "ECommerceLP.Core.Security", "src\Core\Security\src\ECommerceLP.Core.Security\ECommerceLP.Core.Security.csproj", "{0143BE55-2A14-48DD-BA2B-4BFE95765367}"
EndProject
Project("{2150E333-8FDC-42A3-9474-1A3956D46DE8}") = "IOC", "IOC", "{685BD276-1A10-4510-B44B-D879B66AFFA5}"
EndProject
Project("{2150E333-8FDC-42A3-9474-1A3956D46DE8}") = "src", "src", "{700158EA-E3AA-434C-A582-16F9F16F7869}"
EndProject
Project("{9A19103F-16F7-4668-BE54-9A1E7A4F7556}") = "ECommerceLP.Core.IOC.Abstraction", "src\Core\IOC\src\ECommerceLP.Core.IOC.Abstraction\ECommerceLP.Core.IOC.Abstraction.csproj", "{FD6873AC-3CD3-43EA-86FB-54CB38D7CDEF}"
EndProject
Project("{9A19103F-16F7-4668-BE54-9A1E7A4F7556}") = "ECommerceLP.Core.IOC", "src\Core\IOC\src\ECommerceLP.Core.IOC\ECommerceLP.Core.IOC.csproj", "{DAE94B3D-969E-42C6-BBD8-556E72AC694B}"
EndProject
Project("{2150E333-8FDC-42A3-9474-1A3956D46DE8}") = "Logging", "Logging", "{04E08921-3DA2-40CD-BE08-01AB8FA65220}"
EndProject
Project("{2150E333-8FDC-42A3-9474-1A3956D46DE8}") = "src", "src", "{1FC9F3DB-F320-49C9-85F0-D01C6297D112}"
EndProject
Project("{9A19103F-16F7-4668-BE54-9A1E7A4F7556}") = "ECommerceLP.Core.Logging.Abstraction", "src\Core\Logging\src\ECommerceLP.Core.Logging.Abstraction\ECommerceLP.Core.Logging.Abstraction.csproj", "{D5287075-7894-428A-BDAB-C080941730AE}"
EndProject
Project("{9A19103F-16F7-4668-BE54-9A1E7A4F7556}") = "ECommerceLP.Core.FileLogging", "src\Core\Logging\src\ECommerceLP.Core.Logging\ECommerceLP.Core.FileLogging.csproj", "{19A8EA57-58D2-4B66-AAD4-1BCA05E12982}"
EndProject
Project("{9A19103F-16F7-4668-BE54-9A1E7A4F7556}") = "ECommerceLP.Core.Cache.Redis", "src\Core\Cache\src\ECommerceLP.Core.Cache.Redis\ECommerceLP.Core.Cache.Redis.csproj", "{114B81F6-24B7-44BF-AABF-8C0731FACD51}"
EndProject
Project("{9A19103F-16F7-4668-BE54-9A1E7A4F7556}") = "ECommerceLP.Core.Cache.Abstraction", "src\Core\Cache\src\ECommerceLP.Core.Cache.Abstraction\ECommerceLP.Core.Cache.Abstraction.csproj", "{B7BF09EC-6365-44C4-905E-6D58D168A35C}"
EndProject
Project("{2150E333-8FDC-42A3-9474-1A3956D46DE8}") = "ServiceDiscovery", "ServiceDiscovery", "{AE41A093-2444-4550-98F2-CB74780D2865}"
EndProject
Project("{2150E333-8FDC-42A3-9474-1A3956D46DE8}") = "src", "src", "{36DAF9B6-D46C-436F-ABF8-A0507729CF38}"
EndProject
Project("{9A19103F-16F7-4668-BE54-9A1E7A4F7556}") = "ECommerceLP.Core.ServiceDiscovery.Abstraction", "src\Core\ServiceDiscovery\src\ECommerceLP.Core.ServiceDiscovery.Abstraction\ECommerceLP.Core.ServiceDiscovery.Abstraction.csproj", "{46D9AD65-03DD-4FAC-B244-6E5F02765C18}"
EndProject
Project("{9A19103F-16F7-4668-BE54-9A1E7A4F7556}") = "ECommerceLP.Core.ServiceDiscovery", "src\Core\ServiceDiscovery\src\ECommerceLP.Core.ServiceDiscovery\ECommerceLP.Core.ServiceDiscovery.csproj", "{B6DF87F3-4E22-4455-8E7F-404F6B48F84E}"
EndProject
Project("{2150E333-8FDC-42A3-9474-1A3956D46DE8}") = "Payments", "Payments", "{366A6139-D89D-41EA-B68A-AD174475E949}"
EndProject
Project("{9A19103F-16F7-4668-BE54-9A1E7A4F7556}") = "Payment.Domain", "src\Services\Payments\Payment.Domain\Payment.Domain.csproj", "{CEED9D08-E64B-4D7E-95D0-65908A2A73C3}"
EndProject
Project("{9A19103F-16F7-4668-BE54-9A1E7A4F7556}") = "ECommerceLP.Core.Serilog", "src\Core\Logging\src\ECommerceLP.Core.Serilog\ECommerceLP.Core.Serilog.csproj", "{3F2F084E-2C1A-46B1-A532-618BBC52C609}"
EndProject
Project("{9A19103F-16F7-4668-BE54-9A1E7A4F7556}") = "PaymentService", "src\Services\Payments\PaymentService\PaymentService.csproj", "{5867D28C-1BFB-4CEA-8848-E924FF32B704}"
EndProject
Project("{9A19103F-16F7-4668-BE54-9A1E7A4F7556}") = "Payment.Infrastructure", "src\Services\Payments\Payment.Infrastructure\Payment.Infrastructure.csproj", "{2C19C14B-861C-475B-BAF3-1533A7B80046}"
EndProject
Project("{9A19103F-16F7-4668-BE54-9A1E7A4F7556}") = "Payment.Application", "src\Services\Payments\Payment.Application\Payment.Application.csproj", "{8D9C6E0D-2E59-44DC-9ACD-392F27EE6AB5}"
EndProject
Project("{9A19103F-16F7-4668-BE54-9A1E7A4F7556}") = "Payment.Common", "src\Services\Payments\Payment.Common\Payment.Common.csproj", "{79C8C334-43DC-4E59-9478-83CB5B3BA874}"
EndProject
Project("{2150E333-8FDC-42A3-9474-1A3956D46DE8}") = "Data", "Data", "{3483AB3C-1C6F-4F80-9ABE-6F479F6D99CA}"
EndProject
Project("{2150E333-8FDC-42A3-9474-1A3956D46DE8}") = "src", "src", "{15B9E98F-5AF0-4D21-8179-EC674308D2EE}"
EndProject
Project("{FAE04EC0-301F-11D3-BF4B-00C04F79EFBC}") = "ECommerceLP.Core.Mongo", "src\Core\Data\src\ECommerceLP.Core.Mongo\ECommerceLP.Core.Mongo.csproj", "{C6B69950-C844-472A-A06E-408A56E7CD3E}"
EndProject
Project("{FAE04EC0-301F-11D3-BF4B-00C04F79EFBC}") = "ECommerceLP.Core.Mongo.Abstractions", "src\Core\Data\src\ECommerceLP.Core.Mongo.Abstractions\ECommerceLP.Core.Mongo.Abstractions.csproj", "{89652F32-4B44-4EF8-908C-71F47014A960}"
EndProject
Project("{FAE04EC0-301F-11D3-BF4B-00C04F79EFBC}") = "Payment.Persistence", "src\Services\Payments\Payment.Persistence\Payment.Persistence.csproj", "{5287D950-A89E-4C51-9A94-89B4D6B74C24}"
EndProject
Global
	GlobalSection(SolutionConfigurationPlatforms) = preSolution
		Debug|Any CPU = Debug|Any CPU
		Release|Any CPU = Release|Any CPU
	EndGlobalSection
	GlobalSection(ProjectConfigurationPlatforms) = postSolution
		{CD3A9798-92E6-4C3C-806F-DBA9BB23609A}.Debug|Any CPU.ActiveCfg = Debug|Any CPU
		{CD3A9798-92E6-4C3C-806F-DBA9BB23609A}.Debug|Any CPU.Build.0 = Debug|Any CPU
		{CD3A9798-92E6-4C3C-806F-DBA9BB23609A}.Release|Any CPU.ActiveCfg = Release|Any CPU
		{CD3A9798-92E6-4C3C-806F-DBA9BB23609A}.Release|Any CPU.Build.0 = Release|Any CPU
		{B4FDD5C6-E35D-4EC5-9257-72DD0F396C5B}.Debug|Any CPU.ActiveCfg = Debug|Any CPU
		{B4FDD5C6-E35D-4EC5-9257-72DD0F396C5B}.Debug|Any CPU.Build.0 = Debug|Any CPU
		{B4FDD5C6-E35D-4EC5-9257-72DD0F396C5B}.Release|Any CPU.ActiveCfg = Release|Any CPU
		{B4FDD5C6-E35D-4EC5-9257-72DD0F396C5B}.Release|Any CPU.Build.0 = Release|Any CPU
		{6FCF847B-1BB0-4613-8628-AF900C55A362}.Debug|Any CPU.ActiveCfg = Debug|Any CPU
		{6FCF847B-1BB0-4613-8628-AF900C55A362}.Debug|Any CPU.Build.0 = Debug|Any CPU
		{6FCF847B-1BB0-4613-8628-AF900C55A362}.Release|Any CPU.ActiveCfg = Release|Any CPU
		{6FCF847B-1BB0-4613-8628-AF900C55A362}.Release|Any CPU.Build.0 = Release|Any CPU
		{196C2B06-D0D0-429D-968A-8D01ACEAAF59}.Debug|Any CPU.ActiveCfg = Debug|Any CPU
		{196C2B06-D0D0-429D-968A-8D01ACEAAF59}.Debug|Any CPU.Build.0 = Debug|Any CPU
		{196C2B06-D0D0-429D-968A-8D01ACEAAF59}.Release|Any CPU.ActiveCfg = Release|Any CPU
		{196C2B06-D0D0-429D-968A-8D01ACEAAF59}.Release|Any CPU.Build.0 = Release|Any CPU
		{71950A2F-8E7D-41CE-AA4F-9A2B820E1E95}.Debug|Any CPU.ActiveCfg = Debug|Any CPU
		{71950A2F-8E7D-41CE-AA4F-9A2B820E1E95}.Debug|Any CPU.Build.0 = Debug|Any CPU
		{71950A2F-8E7D-41CE-AA4F-9A2B820E1E95}.Release|Any CPU.ActiveCfg = Release|Any CPU
		{71950A2F-8E7D-41CE-AA4F-9A2B820E1E95}.Release|Any CPU.Build.0 = Release|Any CPU
		{0DB676A1-4B8E-4197-9196-29D0FE65F1A3}.Debug|Any CPU.ActiveCfg = Debug|Any CPU
		{0DB676A1-4B8E-4197-9196-29D0FE65F1A3}.Debug|Any CPU.Build.0 = Debug|Any CPU
		{0DB676A1-4B8E-4197-9196-29D0FE65F1A3}.Release|Any CPU.ActiveCfg = Release|Any CPU
		{0DB676A1-4B8E-4197-9196-29D0FE65F1A3}.Release|Any CPU.Build.0 = Release|Any CPU
		{10A149C3-B4B0-4029-928D-165EC33D0067}.Debug|Any CPU.ActiveCfg = Debug|Any CPU
		{10A149C3-B4B0-4029-928D-165EC33D0067}.Debug|Any CPU.Build.0 = Debug|Any CPU
		{10A149C3-B4B0-4029-928D-165EC33D0067}.Release|Any CPU.ActiveCfg = Release|Any CPU
		{10A149C3-B4B0-4029-928D-165EC33D0067}.Release|Any CPU.Build.0 = Release|Any CPU
		{B3487DF2-C511-442A-8746-FB8C55FEE7C4}.Debug|Any CPU.ActiveCfg = Debug|Any CPU
		{B3487DF2-C511-442A-8746-FB8C55FEE7C4}.Debug|Any CPU.Build.0 = Debug|Any CPU
		{B3487DF2-C511-442A-8746-FB8C55FEE7C4}.Release|Any CPU.ActiveCfg = Release|Any CPU
		{B3487DF2-C511-442A-8746-FB8C55FEE7C4}.Release|Any CPU.Build.0 = Release|Any CPU
		{DC8AE7EE-D31E-4312-86CF-0562059068A0}.Debug|Any CPU.ActiveCfg = Debug|Any CPU
		{DC8AE7EE-D31E-4312-86CF-0562059068A0}.Debug|Any CPU.Build.0 = Debug|Any CPU
		{DC8AE7EE-D31E-4312-86CF-0562059068A0}.Release|Any CPU.ActiveCfg = Release|Any CPU
		{DC8AE7EE-D31E-4312-86CF-0562059068A0}.Release|Any CPU.Build.0 = Release|Any CPU
		{CEE993A6-A813-4BB5-992A-27CD1E18ECA5}.Debug|Any CPU.ActiveCfg = Debug|Any CPU
		{CEE993A6-A813-4BB5-992A-27CD1E18ECA5}.Debug|Any CPU.Build.0 = Debug|Any CPU
		{CEE993A6-A813-4BB5-992A-27CD1E18ECA5}.Release|Any CPU.ActiveCfg = Release|Any CPU
		{CEE993A6-A813-4BB5-992A-27CD1E18ECA5}.Release|Any CPU.Build.0 = Release|Any CPU
		{DCCAE730-B7DF-4912-8EBE-FBBEB10E14A7}.Debug|Any CPU.ActiveCfg = Debug|Any CPU
		{DCCAE730-B7DF-4912-8EBE-FBBEB10E14A7}.Debug|Any CPU.Build.0 = Debug|Any CPU
		{DCCAE730-B7DF-4912-8EBE-FBBEB10E14A7}.Release|Any CPU.ActiveCfg = Release|Any CPU
		{DCCAE730-B7DF-4912-8EBE-FBBEB10E14A7}.Release|Any CPU.Build.0 = Release|Any CPU
		{871DA2AE-695D-4933-9BDD-5A494F224C21}.Debug|Any CPU.ActiveCfg = Debug|Any CPU
		{871DA2AE-695D-4933-9BDD-5A494F224C21}.Debug|Any CPU.Build.0 = Debug|Any CPU
		{871DA2AE-695D-4933-9BDD-5A494F224C21}.Release|Any CPU.ActiveCfg = Release|Any CPU
		{871DA2AE-695D-4933-9BDD-5A494F224C21}.Release|Any CPU.Build.0 = Release|Any CPU
		{347C6AFF-8CA7-436D-9579-92B42029AB43}.Debug|Any CPU.ActiveCfg = Debug|Any CPU
		{347C6AFF-8CA7-436D-9579-92B42029AB43}.Debug|Any CPU.Build.0 = Debug|Any CPU
		{347C6AFF-8CA7-436D-9579-92B42029AB43}.Release|Any CPU.ActiveCfg = Release|Any CPU
		{347C6AFF-8CA7-436D-9579-92B42029AB43}.Release|Any CPU.Build.0 = Release|Any CPU
		{6C2991E0-6FB2-4C4B-AE0F-297A034C5B2F}.Debug|Any CPU.ActiveCfg = Debug|Any CPU
		{6C2991E0-6FB2-4C4B-AE0F-297A034C5B2F}.Debug|Any CPU.Build.0 = Debug|Any CPU
		{6C2991E0-6FB2-4C4B-AE0F-297A034C5B2F}.Release|Any CPU.ActiveCfg = Release|Any CPU
		{6C2991E0-6FB2-4C4B-AE0F-297A034C5B2F}.Release|Any CPU.Build.0 = Release|Any CPU
		{C27AB1B5-6FC3-4F3D-B692-3AAEFA6C2142}.Debug|Any CPU.ActiveCfg = Debug|Any CPU
		{C27AB1B5-6FC3-4F3D-B692-3AAEFA6C2142}.Debug|Any CPU.Build.0 = Debug|Any CPU
		{C27AB1B5-6FC3-4F3D-B692-3AAEFA6C2142}.Release|Any CPU.ActiveCfg = Release|Any CPU
		{C27AB1B5-6FC3-4F3D-B692-3AAEFA6C2142}.Release|Any CPU.Build.0 = Release|Any CPU
		{21FACDAE-6ABF-4B7C-A583-D426D2E60B54}.Debug|Any CPU.ActiveCfg = Debug|Any CPU
		{21FACDAE-6ABF-4B7C-A583-D426D2E60B54}.Debug|Any CPU.Build.0 = Debug|Any CPU
		{21FACDAE-6ABF-4B7C-A583-D426D2E60B54}.Release|Any CPU.ActiveCfg = Release|Any CPU
		{21FACDAE-6ABF-4B7C-A583-D426D2E60B54}.Release|Any CPU.Build.0 = Release|Any CPU
		{6F91E551-192A-4FCF-A459-941B08337142}.Debug|Any CPU.ActiveCfg = Debug|Any CPU
		{6F91E551-192A-4FCF-A459-941B08337142}.Debug|Any CPU.Build.0 = Debug|Any CPU
		{6F91E551-192A-4FCF-A459-941B08337142}.Release|Any CPU.ActiveCfg = Release|Any CPU
		{6F91E551-192A-4FCF-A459-941B08337142}.Release|Any CPU.Build.0 = Release|Any CPU
		{BBB7AAA8-1EBA-4A72-ABAC-3338E5406223}.Debug|Any CPU.ActiveCfg = Debug|Any CPU
		{BBB7AAA8-1EBA-4A72-ABAC-3338E5406223}.Debug|Any CPU.Build.0 = Debug|Any CPU
		{BBB7AAA8-1EBA-4A72-ABAC-3338E5406223}.Release|Any CPU.ActiveCfg = Release|Any CPU
		{BBB7AAA8-1EBA-4A72-ABAC-3338E5406223}.Release|Any CPU.Build.0 = Release|Any CPU
		{BF8BF091-E496-4E6D-AA28-5BE3A2D12C8B}.Debug|Any CPU.ActiveCfg = Debug|Any CPU
		{BF8BF091-E496-4E6D-AA28-5BE3A2D12C8B}.Debug|Any CPU.Build.0 = Debug|Any CPU
		{BF8BF091-E496-4E6D-AA28-5BE3A2D12C8B}.Release|Any CPU.ActiveCfg = Release|Any CPU
		{BF8BF091-E496-4E6D-AA28-5BE3A2D12C8B}.Release|Any CPU.Build.0 = Release|Any CPU
		{3B610306-B985-46E2-9A4F-9F454C73FE0B}.Debug|Any CPU.ActiveCfg = Debug|Any CPU
		{3B610306-B985-46E2-9A4F-9F454C73FE0B}.Debug|Any CPU.Build.0 = Debug|Any CPU
		{3B610306-B985-46E2-9A4F-9F454C73FE0B}.Release|Any CPU.ActiveCfg = Release|Any CPU
		{3B610306-B985-46E2-9A4F-9F454C73FE0B}.Release|Any CPU.Build.0 = Release|Any CPU
		{3C85880E-80DE-44EA-ABBC-A0F605922A5B}.Debug|Any CPU.ActiveCfg = Debug|Any CPU
		{3C85880E-80DE-44EA-ABBC-A0F605922A5B}.Debug|Any CPU.Build.0 = Debug|Any CPU
		{3C85880E-80DE-44EA-ABBC-A0F605922A5B}.Release|Any CPU.ActiveCfg = Release|Any CPU
		{3C85880E-80DE-44EA-ABBC-A0F605922A5B}.Release|Any CPU.Build.0 = Release|Any CPU
		{21F981F7-5629-40B0-BA9A-EE9F049EE572}.Debug|Any CPU.ActiveCfg = Debug|Any CPU
		{21F981F7-5629-40B0-BA9A-EE9F049EE572}.Debug|Any CPU.Build.0 = Debug|Any CPU
		{21F981F7-5629-40B0-BA9A-EE9F049EE572}.Release|Any CPU.ActiveCfg = Release|Any CPU
		{21F981F7-5629-40B0-BA9A-EE9F049EE572}.Release|Any CPU.Build.0 = Release|Any CPU
		{71FE259A-3EC9-48D5-B11C-1FE3222AA3CD}.Debug|Any CPU.ActiveCfg = Debug|Any CPU
		{71FE259A-3EC9-48D5-B11C-1FE3222AA3CD}.Debug|Any CPU.Build.0 = Debug|Any CPU
		{71FE259A-3EC9-48D5-B11C-1FE3222AA3CD}.Release|Any CPU.ActiveCfg = Release|Any CPU
		{71FE259A-3EC9-48D5-B11C-1FE3222AA3CD}.Release|Any CPU.Build.0 = Release|Any CPU
		{C653B3C7-39AD-4AFD-A73E-9DEF04CC5F63}.Debug|Any CPU.ActiveCfg = Debug|Any CPU
		{C653B3C7-39AD-4AFD-A73E-9DEF04CC5F63}.Debug|Any CPU.Build.0 = Debug|Any CPU
		{C653B3C7-39AD-4AFD-A73E-9DEF04CC5F63}.Release|Any CPU.ActiveCfg = Release|Any CPU
		{C653B3C7-39AD-4AFD-A73E-9DEF04CC5F63}.Release|Any CPU.Build.0 = Release|Any CPU
		{598A7882-DAB4-42E1-B0F9-434948028322}.Debug|Any CPU.ActiveCfg = Debug|Any CPU
		{598A7882-DAB4-42E1-B0F9-434948028322}.Debug|Any CPU.Build.0 = Debug|Any CPU
		{598A7882-DAB4-42E1-B0F9-434948028322}.Release|Any CPU.ActiveCfg = Release|Any CPU
		{598A7882-DAB4-42E1-B0F9-434948028322}.Release|Any CPU.Build.0 = Release|Any CPU
		{EE9C3710-AF8B-41C7-9D32-6F6423E27C65}.Debug|Any CPU.ActiveCfg = Debug|Any CPU
		{EE9C3710-AF8B-41C7-9D32-6F6423E27C65}.Debug|Any CPU.Build.0 = Debug|Any CPU
		{EE9C3710-AF8B-41C7-9D32-6F6423E27C65}.Release|Any CPU.ActiveCfg = Release|Any CPU
		{EE9C3710-AF8B-41C7-9D32-6F6423E27C65}.Release|Any CPU.Build.0 = Release|Any CPU
		{D7351B7D-21B7-4705-84A9-E0CC67035B27}.Debug|Any CPU.ActiveCfg = Debug|Any CPU
		{D7351B7D-21B7-4705-84A9-E0CC67035B27}.Debug|Any CPU.Build.0 = Debug|Any CPU
		{D7351B7D-21B7-4705-84A9-E0CC67035B27}.Release|Any CPU.ActiveCfg = Release|Any CPU
		{D7351B7D-21B7-4705-84A9-E0CC67035B27}.Release|Any CPU.Build.0 = Release|Any CPU
		{838AFA37-7CC2-4EC9-B5AE-C6461D115A36}.Debug|Any CPU.ActiveCfg = Debug|Any CPU
		{838AFA37-7CC2-4EC9-B5AE-C6461D115A36}.Debug|Any CPU.Build.0 = Debug|Any CPU
		{838AFA37-7CC2-4EC9-B5AE-C6461D115A36}.Release|Any CPU.ActiveCfg = Release|Any CPU
		{838AFA37-7CC2-4EC9-B5AE-C6461D115A36}.Release|Any CPU.Build.0 = Release|Any CPU
		{164A2BFB-8A91-485F-8D68-6AE3787E37FB}.Debug|Any CPU.ActiveCfg = Debug|Any CPU
		{164A2BFB-8A91-485F-8D68-6AE3787E37FB}.Debug|Any CPU.Build.0 = Debug|Any CPU
		{164A2BFB-8A91-485F-8D68-6AE3787E37FB}.Release|Any CPU.ActiveCfg = Release|Any CPU
		{164A2BFB-8A91-485F-8D68-6AE3787E37FB}.Release|Any CPU.Build.0 = Release|Any CPU
		{C8CC70D3-EA58-4BC4-A967-47751FACA21D}.Debug|Any CPU.ActiveCfg = Debug|Any CPU
		{C8CC70D3-EA58-4BC4-A967-47751FACA21D}.Debug|Any CPU.Build.0 = Debug|Any CPU
		{C8CC70D3-EA58-4BC4-A967-47751FACA21D}.Release|Any CPU.ActiveCfg = Release|Any CPU
		{C8CC70D3-EA58-4BC4-A967-47751FACA21D}.Release|Any CPU.Build.0 = Release|Any CPU
		{5DE251D7-B3C8-433A-BB7F-911A7393E586}.Debug|Any CPU.ActiveCfg = Debug|Any CPU
		{5DE251D7-B3C8-433A-BB7F-911A7393E586}.Debug|Any CPU.Build.0 = Debug|Any CPU
		{5DE251D7-B3C8-433A-BB7F-911A7393E586}.Release|Any CPU.ActiveCfg = Release|Any CPU
		{5DE251D7-B3C8-433A-BB7F-911A7393E586}.Release|Any CPU.Build.0 = Release|Any CPU
		{F0FE452F-4B21-4EAD-B95C-18E202F40EED}.Debug|Any CPU.ActiveCfg = Debug|Any CPU
		{F0FE452F-4B21-4EAD-B95C-18E202F40EED}.Debug|Any CPU.Build.0 = Debug|Any CPU
		{F0FE452F-4B21-4EAD-B95C-18E202F40EED}.Release|Any CPU.ActiveCfg = Release|Any CPU
		{F0FE452F-4B21-4EAD-B95C-18E202F40EED}.Release|Any CPU.Build.0 = Release|Any CPU
		{C9E5B7CC-8E3E-482A-B574-0B2B7DAE4CA6}.Debug|Any CPU.ActiveCfg = Debug|Any CPU
		{C9E5B7CC-8E3E-482A-B574-0B2B7DAE4CA6}.Debug|Any CPU.Build.0 = Debug|Any CPU
		{C9E5B7CC-8E3E-482A-B574-0B2B7DAE4CA6}.Release|Any CPU.ActiveCfg = Release|Any CPU
		{C9E5B7CC-8E3E-482A-B574-0B2B7DAE4CA6}.Release|Any CPU.Build.0 = Release|Any CPU
		{E75D8E02-EB1C-476A-8A95-990A4D8EF1CB}.Debug|Any CPU.ActiveCfg = Debug|Any CPU
		{E75D8E02-EB1C-476A-8A95-990A4D8EF1CB}.Debug|Any CPU.Build.0 = Debug|Any CPU
		{E75D8E02-EB1C-476A-8A95-990A4D8EF1CB}.Release|Any CPU.ActiveCfg = Release|Any CPU
		{E75D8E02-EB1C-476A-8A95-990A4D8EF1CB}.Release|Any CPU.Build.0 = Release|Any CPU
		{659DEB40-AF04-47C2-8EE5-3527316FD000}.Debug|Any CPU.ActiveCfg = Debug|Any CPU
		{659DEB40-AF04-47C2-8EE5-3527316FD000}.Debug|Any CPU.Build.0 = Debug|Any CPU
		{659DEB40-AF04-47C2-8EE5-3527316FD000}.Release|Any CPU.ActiveCfg = Release|Any CPU
		{659DEB40-AF04-47C2-8EE5-3527316FD000}.Release|Any CPU.Build.0 = Release|Any CPU
		{F756E27C-27B9-45FD-A65D-891FB7212950}.Debug|Any CPU.ActiveCfg = Debug|Any CPU
		{F756E27C-27B9-45FD-A65D-891FB7212950}.Debug|Any CPU.Build.0 = Debug|Any CPU
		{F756E27C-27B9-45FD-A65D-891FB7212950}.Release|Any CPU.ActiveCfg = Release|Any CPU
		{F756E27C-27B9-45FD-A65D-891FB7212950}.Release|Any CPU.Build.0 = Release|Any CPU
		{06517324-9BCF-4C89-BC31-74BDC183CBB5}.Debug|Any CPU.ActiveCfg = Debug|Any CPU
		{06517324-9BCF-4C89-BC31-74BDC183CBB5}.Debug|Any CPU.Build.0 = Debug|Any CPU
		{06517324-9BCF-4C89-BC31-74BDC183CBB5}.Release|Any CPU.ActiveCfg = Release|Any CPU
		{06517324-9BCF-4C89-BC31-74BDC183CBB5}.Release|Any CPU.Build.0 = Release|Any CPU
		{17CECBF5-1120-48C0-B11F-4770869D380B}.Debug|Any CPU.ActiveCfg = Debug|Any CPU
		{17CECBF5-1120-48C0-B11F-4770869D380B}.Debug|Any CPU.Build.0 = Debug|Any CPU
		{17CECBF5-1120-48C0-B11F-4770869D380B}.Release|Any CPU.ActiveCfg = Release|Any CPU
		{17CECBF5-1120-48C0-B11F-4770869D380B}.Release|Any CPU.Build.0 = Release|Any CPU
		{E4920A57-2E83-4F14-A9BC-5538E463338B}.Debug|Any CPU.ActiveCfg = Debug|Any CPU
		{E4920A57-2E83-4F14-A9BC-5538E463338B}.Debug|Any CPU.Build.0 = Debug|Any CPU
		{E4920A57-2E83-4F14-A9BC-5538E463338B}.Release|Any CPU.ActiveCfg = Release|Any CPU
		{E4920A57-2E83-4F14-A9BC-5538E463338B}.Release|Any CPU.Build.0 = Release|Any CPU
		{C9179ABB-1D99-4347-A25B-0D3E75615600}.Debug|Any CPU.ActiveCfg = Debug|Any CPU
		{C9179ABB-1D99-4347-A25B-0D3E75615600}.Debug|Any CPU.Build.0 = Debug|Any CPU
		{C9179ABB-1D99-4347-A25B-0D3E75615600}.Release|Any CPU.ActiveCfg = Release|Any CPU
		{C9179ABB-1D99-4347-A25B-0D3E75615600}.Release|Any CPU.Build.0 = Release|Any CPU
		{B166DA53-AB8E-4CC9-9219-EA5C40B52557}.Debug|Any CPU.ActiveCfg = Debug|Any CPU
		{B166DA53-AB8E-4CC9-9219-EA5C40B52557}.Debug|Any CPU.Build.0 = Debug|Any CPU
		{B166DA53-AB8E-4CC9-9219-EA5C40B52557}.Release|Any CPU.ActiveCfg = Release|Any CPU
		{B166DA53-AB8E-4CC9-9219-EA5C40B52557}.Release|Any CPU.Build.0 = Release|Any CPU
		{68658D98-23D2-4712-AE2A-A7B60B5308B9}.Debug|Any CPU.ActiveCfg = Debug|Any CPU
		{68658D98-23D2-4712-AE2A-A7B60B5308B9}.Debug|Any CPU.Build.0 = Debug|Any CPU
		{68658D98-23D2-4712-AE2A-A7B60B5308B9}.Release|Any CPU.ActiveCfg = Release|Any CPU
		{68658D98-23D2-4712-AE2A-A7B60B5308B9}.Release|Any CPU.Build.0 = Release|Any CPU
		{8A0ECA7F-E183-471F-8AE8-4DCB36F83985}.Debug|Any CPU.ActiveCfg = Debug|Any CPU
		{8A0ECA7F-E183-471F-8AE8-4DCB36F83985}.Debug|Any CPU.Build.0 = Debug|Any CPU
		{8A0ECA7F-E183-471F-8AE8-4DCB36F83985}.Release|Any CPU.ActiveCfg = Release|Any CPU
		{8A0ECA7F-E183-471F-8AE8-4DCB36F83985}.Release|Any CPU.Build.0 = Release|Any CPU
		{199494DE-BE10-4340-9ECF-C12948786C57}.Debug|Any CPU.ActiveCfg = Debug|Any CPU
		{199494DE-BE10-4340-9ECF-C12948786C57}.Debug|Any CPU.Build.0 = Debug|Any CPU
		{199494DE-BE10-4340-9ECF-C12948786C57}.Release|Any CPU.ActiveCfg = Release|Any CPU
		{199494DE-BE10-4340-9ECF-C12948786C57}.Release|Any CPU.Build.0 = Release|Any CPU
		{0143BE55-2A14-48DD-BA2B-4BFE95765367}.Debug|Any CPU.ActiveCfg = Debug|Any CPU
		{0143BE55-2A14-48DD-BA2B-4BFE95765367}.Debug|Any CPU.Build.0 = Debug|Any CPU
		{0143BE55-2A14-48DD-BA2B-4BFE95765367}.Release|Any CPU.ActiveCfg = Release|Any CPU
		{0143BE55-2A14-48DD-BA2B-4BFE95765367}.Release|Any CPU.Build.0 = Release|Any CPU
		{FD6873AC-3CD3-43EA-86FB-54CB38D7CDEF}.Debug|Any CPU.ActiveCfg = Debug|Any CPU
		{FD6873AC-3CD3-43EA-86FB-54CB38D7CDEF}.Debug|Any CPU.Build.0 = Debug|Any CPU
		{FD6873AC-3CD3-43EA-86FB-54CB38D7CDEF}.Release|Any CPU.ActiveCfg = Release|Any CPU
		{FD6873AC-3CD3-43EA-86FB-54CB38D7CDEF}.Release|Any CPU.Build.0 = Release|Any CPU
		{DAE94B3D-969E-42C6-BBD8-556E72AC694B}.Debug|Any CPU.ActiveCfg = Debug|Any CPU
		{DAE94B3D-969E-42C6-BBD8-556E72AC694B}.Debug|Any CPU.Build.0 = Debug|Any CPU
		{DAE94B3D-969E-42C6-BBD8-556E72AC694B}.Release|Any CPU.ActiveCfg = Release|Any CPU
		{DAE94B3D-969E-42C6-BBD8-556E72AC694B}.Release|Any CPU.Build.0 = Release|Any CPU
		{D5287075-7894-428A-BDAB-C080941730AE}.Debug|Any CPU.ActiveCfg = Debug|Any CPU
		{D5287075-7894-428A-BDAB-C080941730AE}.Debug|Any CPU.Build.0 = Debug|Any CPU
		{D5287075-7894-428A-BDAB-C080941730AE}.Release|Any CPU.ActiveCfg = Release|Any CPU
		{D5287075-7894-428A-BDAB-C080941730AE}.Release|Any CPU.Build.0 = Release|Any CPU
		{19A8EA57-58D2-4B66-AAD4-1BCA05E12982}.Debug|Any CPU.ActiveCfg = Debug|Any CPU
		{19A8EA57-58D2-4B66-AAD4-1BCA05E12982}.Debug|Any CPU.Build.0 = Debug|Any CPU
		{19A8EA57-58D2-4B66-AAD4-1BCA05E12982}.Release|Any CPU.ActiveCfg = Release|Any CPU
		{19A8EA57-58D2-4B66-AAD4-1BCA05E12982}.Release|Any CPU.Build.0 = Release|Any CPU
		{114B81F6-24B7-44BF-AABF-8C0731FACD51}.Debug|Any CPU.ActiveCfg = Debug|Any CPU
		{114B81F6-24B7-44BF-AABF-8C0731FACD51}.Debug|Any CPU.Build.0 = Debug|Any CPU
		{114B81F6-24B7-44BF-AABF-8C0731FACD51}.Release|Any CPU.ActiveCfg = Release|Any CPU
		{114B81F6-24B7-44BF-AABF-8C0731FACD51}.Release|Any CPU.Build.0 = Release|Any CPU
		{B7BF09EC-6365-44C4-905E-6D58D168A35C}.Debug|Any CPU.ActiveCfg = Debug|Any CPU
		{B7BF09EC-6365-44C4-905E-6D58D168A35C}.Debug|Any CPU.Build.0 = Debug|Any CPU
		{B7BF09EC-6365-44C4-905E-6D58D168A35C}.Release|Any CPU.ActiveCfg = Release|Any CPU
		{B7BF09EC-6365-44C4-905E-6D58D168A35C}.Release|Any CPU.Build.0 = Release|Any CPU
		{46D9AD65-03DD-4FAC-B244-6E5F02765C18}.Debug|Any CPU.ActiveCfg = Debug|Any CPU
		{46D9AD65-03DD-4FAC-B244-6E5F02765C18}.Debug|Any CPU.Build.0 = Debug|Any CPU
		{46D9AD65-03DD-4FAC-B244-6E5F02765C18}.Release|Any CPU.ActiveCfg = Release|Any CPU
		{46D9AD65-03DD-4FAC-B244-6E5F02765C18}.Release|Any CPU.Build.0 = Release|Any CPU
		{B6DF87F3-4E22-4455-8E7F-404F6B48F84E}.Debug|Any CPU.ActiveCfg = Debug|Any CPU
		{B6DF87F3-4E22-4455-8E7F-404F6B48F84E}.Debug|Any CPU.Build.0 = Debug|Any CPU
		{B6DF87F3-4E22-4455-8E7F-404F6B48F84E}.Release|Any CPU.ActiveCfg = Release|Any CPU
		{B6DF87F3-4E22-4455-8E7F-404F6B48F84E}.Release|Any CPU.Build.0 = Release|Any CPU
		{CEED9D08-E64B-4D7E-95D0-65908A2A73C3}.Debug|Any CPU.ActiveCfg = Debug|Any CPU
		{CEED9D08-E64B-4D7E-95D0-65908A2A73C3}.Debug|Any CPU.Build.0 = Debug|Any CPU
		{CEED9D08-E64B-4D7E-95D0-65908A2A73C3}.Release|Any CPU.ActiveCfg = Release|Any CPU
		{CEED9D08-E64B-4D7E-95D0-65908A2A73C3}.Release|Any CPU.Build.0 = Release|Any CPU
		{3F2F084E-2C1A-46B1-A532-618BBC52C609}.Debug|Any CPU.ActiveCfg = Debug|Any CPU
		{3F2F084E-2C1A-46B1-A532-618BBC52C609}.Debug|Any CPU.Build.0 = Debug|Any CPU
		{3F2F084E-2C1A-46B1-A532-618BBC52C609}.Release|Any CPU.ActiveCfg = Release|Any CPU
		{3F2F084E-2C1A-46B1-A532-618BBC52C609}.Release|Any CPU.Build.0 = Release|Any CPU
		{5867D28C-1BFB-4CEA-8848-E924FF32B704}.Debug|Any CPU.ActiveCfg = Debug|Any CPU
		{5867D28C-1BFB-4CEA-8848-E924FF32B704}.Debug|Any CPU.Build.0 = Debug|Any CPU
		{5867D28C-1BFB-4CEA-8848-E924FF32B704}.Release|Any CPU.ActiveCfg = Release|Any CPU
		{5867D28C-1BFB-4CEA-8848-E924FF32B704}.Release|Any CPU.Build.0 = Release|Any CPU
		{2C19C14B-861C-475B-BAF3-1533A7B80046}.Debug|Any CPU.ActiveCfg = Debug|Any CPU
		{2C19C14B-861C-475B-BAF3-1533A7B80046}.Debug|Any CPU.Build.0 = Debug|Any CPU
		{2C19C14B-861C-475B-BAF3-1533A7B80046}.Release|Any CPU.ActiveCfg = Release|Any CPU
		{2C19C14B-861C-475B-BAF3-1533A7B80046}.Release|Any CPU.Build.0 = Release|Any CPU
		{8D9C6E0D-2E59-44DC-9ACD-392F27EE6AB5}.Debug|Any CPU.ActiveCfg = Debug|Any CPU
		{8D9C6E0D-2E59-44DC-9ACD-392F27EE6AB5}.Debug|Any CPU.Build.0 = Debug|Any CPU
		{8D9C6E0D-2E59-44DC-9ACD-392F27EE6AB5}.Release|Any CPU.ActiveCfg = Release|Any CPU
		{8D9C6E0D-2E59-44DC-9ACD-392F27EE6AB5}.Release|Any CPU.Build.0 = Release|Any CPU
		{79C8C334-43DC-4E59-9478-83CB5B3BA874}.Debug|Any CPU.ActiveCfg = Debug|Any CPU
		{79C8C334-43DC-4E59-9478-83CB5B3BA874}.Debug|Any CPU.Build.0 = Debug|Any CPU
		{79C8C334-43DC-4E59-9478-83CB5B3BA874}.Release|Any CPU.ActiveCfg = Release|Any CPU
		{79C8C334-43DC-4E59-9478-83CB5B3BA874}.Release|Any CPU.Build.0 = Release|Any CPU
		{C6B69950-C844-472A-A06E-408A56E7CD3E}.Debug|Any CPU.ActiveCfg = Debug|Any CPU
		{C6B69950-C844-472A-A06E-408A56E7CD3E}.Debug|Any CPU.Build.0 = Debug|Any CPU
		{C6B69950-C844-472A-A06E-408A56E7CD3E}.Release|Any CPU.ActiveCfg = Release|Any CPU
		{C6B69950-C844-472A-A06E-408A56E7CD3E}.Release|Any CPU.Build.0 = Release|Any CPU
		{89652F32-4B44-4EF8-908C-71F47014A960}.Debug|Any CPU.ActiveCfg = Debug|Any CPU
		{89652F32-4B44-4EF8-908C-71F47014A960}.Debug|Any CPU.Build.0 = Debug|Any CPU
		{89652F32-4B44-4EF8-908C-71F47014A960}.Release|Any CPU.ActiveCfg = Release|Any CPU
		{89652F32-4B44-4EF8-908C-71F47014A960}.Release|Any CPU.Build.0 = Release|Any CPU
		{5287D950-A89E-4C51-9A94-89B4D6B74C24}.Debug|Any CPU.ActiveCfg = Debug|Any CPU
		{5287D950-A89E-4C51-9A94-89B4D6B74C24}.Debug|Any CPU.Build.0 = Debug|Any CPU
		{5287D950-A89E-4C51-9A94-89B4D6B74C24}.Release|Any CPU.ActiveCfg = Release|Any CPU
		{5287D950-A89E-4C51-9A94-89B4D6B74C24}.Release|Any CPU.Build.0 = Release|Any CPU
	EndGlobalSection
	GlobalSection(SolutionProperties) = preSolution
		HideSolutionNode = FALSE
	EndGlobalSection
	GlobalSection(NestedProjects) = preSolution
		{40851FED-58C9-4C0C-8079-4113AC24324C} = {CE459D83-CF71-44A9-8BDE-A618C22B2A67}
		{71403D33-9FC4-4782-8431-D62427E26ED2} = {CE459D83-CF71-44A9-8BDE-A618C22B2A67}
		{C81D8549-E2E9-4018-A08B-12A6E72D5066} = {CE459D83-CF71-44A9-8BDE-A618C22B2A67}
		{2F92952B-DFCE-4F1C-9C6F-F2CF1D6E6C3B} = {C81D8549-E2E9-4018-A08B-12A6E72D5066}
		{CD8D6278-9382-4EA1-B86D-DA8EAB790FF9} = {C81D8549-E2E9-4018-A08B-12A6E72D5066}
		{E38A0B3A-FEAC-4D6A-B0BC-D031705CAD0D} = {C81D8549-E2E9-4018-A08B-12A6E72D5066}
		{CD3A9798-92E6-4C3C-806F-DBA9BB23609A} = {CD8D6278-9382-4EA1-B86D-DA8EAB790FF9}
		{B4FDD5C6-E35D-4EC5-9257-72DD0F396C5B} = {CD8D6278-9382-4EA1-B86D-DA8EAB790FF9}
		{6FCF847B-1BB0-4613-8628-AF900C55A362} = {2F92952B-DFCE-4F1C-9C6F-F2CF1D6E6C3B}
		{196C2B06-D0D0-429D-968A-8D01ACEAAF59} = {2F92952B-DFCE-4F1C-9C6F-F2CF1D6E6C3B}
		{71950A2F-8E7D-41CE-AA4F-9A2B820E1E95} = {2F92952B-DFCE-4F1C-9C6F-F2CF1D6E6C3B}
		{C2BAF751-D63C-4832-81B5-D8277BDB300F} = {CE459D83-CF71-44A9-8BDE-A618C22B2A67}
		{0DB676A1-4B8E-4197-9196-29D0FE65F1A3} = {E38A0B3A-FEAC-4D6A-B0BC-D031705CAD0D}
		{10A149C3-B4B0-4029-928D-165EC33D0067} = {E38A0B3A-FEAC-4D6A-B0BC-D031705CAD0D}
		{B3487DF2-C511-442A-8746-FB8C55FEE7C4} = {E38A0B3A-FEAC-4D6A-B0BC-D031705CAD0D}
		{DC8AE7EE-D31E-4312-86CF-0562059068A0} = {E38A0B3A-FEAC-4D6A-B0BC-D031705CAD0D}
		{CEE993A6-A813-4BB5-992A-27CD1E18ECA5} = {E38A0B3A-FEAC-4D6A-B0BC-D031705CAD0D}
		{DCCAE730-B7DF-4912-8EBE-FBBEB10E14A7} = {E38A0B3A-FEAC-4D6A-B0BC-D031705CAD0D}
		{20F35552-E7E2-4F22-9CD4-78FDD8A8AE4C} = {C81D8549-E2E9-4018-A08B-12A6E72D5066}
		{871DA2AE-695D-4933-9BDD-5A494F224C21} = {20F35552-E7E2-4F22-9CD4-78FDD8A8AE4C}
		{347C6AFF-8CA7-436D-9579-92B42029AB43} = {20F35552-E7E2-4F22-9CD4-78FDD8A8AE4C}
		{6C2991E0-6FB2-4C4B-AE0F-297A034C5B2F} = {20F35552-E7E2-4F22-9CD4-78FDD8A8AE4C}
		{C27AB1B5-6FC3-4F3D-B692-3AAEFA6C2142} = {20F35552-E7E2-4F22-9CD4-78FDD8A8AE4C}
		{21FACDAE-6ABF-4B7C-A583-D426D2E60B54} = {20F35552-E7E2-4F22-9CD4-78FDD8A8AE4C}
		{6F91E551-192A-4FCF-A459-941B08337142} = {CD8D6278-9382-4EA1-B86D-DA8EAB790FF9}
		{BBB7AAA8-1EBA-4A72-ABAC-3338E5406223} = {CD8D6278-9382-4EA1-B86D-DA8EAB790FF9}
		{BF8BF091-E496-4E6D-AA28-5BE3A2D12C8B} = {CD8D6278-9382-4EA1-B86D-DA8EAB790FF9}
		{3B610306-B985-46E2-9A4F-9F454C73FE0B} = {2F92952B-DFCE-4F1C-9C6F-F2CF1D6E6C3B}
		{3C85880E-80DE-44EA-ABBC-A0F605922A5B} = {CD8D6278-9382-4EA1-B86D-DA8EAB790FF9}
		{3358F6BC-84A3-46FE-B607-DF3CA45867C0} = {C2BAF751-D63C-4832-81B5-D8277BDB300F}
		{71FE259A-3EC9-48D5-B11C-1FE3222AA3CD} = {3358F6BC-84A3-46FE-B607-DF3CA45867C0}
		{C653B3C7-39AD-4AFD-A73E-9DEF04CC5F63} = {3358F6BC-84A3-46FE-B607-DF3CA45867C0}
		{598A7882-DAB4-42E1-B0F9-434948028322} = {3358F6BC-84A3-46FE-B607-DF3CA45867C0}
		{DB514FEE-70AF-496E-9051-5A9CAFA34D85} = {C81D8549-E2E9-4018-A08B-12A6E72D5066}
		{EE9C3710-AF8B-41C7-9D32-6F6423E27C65} = {DB514FEE-70AF-496E-9051-5A9CAFA34D85}
		{451C1E8F-5B14-4E70-BA88-AF47C45DFA0C} = {C81D8549-E2E9-4018-A08B-12A6E72D5066}
		{D7351B7D-21B7-4705-84A9-E0CC67035B27} = {451C1E8F-5B14-4E70-BA88-AF47C45DFA0C}
		{838AFA37-7CC2-4EC9-B5AE-C6461D115A36} = {451C1E8F-5B14-4E70-BA88-AF47C45DFA0C}
		{164A2BFB-8A91-485F-8D68-6AE3787E37FB} = {451C1E8F-5B14-4E70-BA88-AF47C45DFA0C}
		{C8CC70D3-EA58-4BC4-A967-47751FACA21D} = {451C1E8F-5B14-4E70-BA88-AF47C45DFA0C}
		{5DE251D7-B3C8-433A-BB7F-911A7393E586} = {451C1E8F-5B14-4E70-BA88-AF47C45DFA0C}
		{F0FE452F-4B21-4EAD-B95C-18E202F40EED} = {451C1E8F-5B14-4E70-BA88-AF47C45DFA0C}
		{DE9DD309-39C4-4936-946C-B93A6B1CA263} = {CE459D83-CF71-44A9-8BDE-A618C22B2A67}
		{4F5AAF2B-9FE1-411C-B6C1-72D699343780} = {DE9DD309-39C4-4936-946C-B93A6B1CA263}
		{C9E5B7CC-8E3E-482A-B574-0B2B7DAE4CA6} = {4F5AAF2B-9FE1-411C-B6C1-72D699343780}
		{A0D8DC09-FDC1-447B-A57E-BC13AF7F7B45} = {40851FED-58C9-4C0C-8079-4113AC24324C}
		{2C900821-4531-4AF8-8A58-429E26CFC9C9} = {A0D8DC09-FDC1-447B-A57E-BC13AF7F7B45}
		{E75D8E02-EB1C-476A-8A95-990A4D8EF1CB} = {2C900821-4531-4AF8-8A58-429E26CFC9C9}
		{A17D0C64-9581-4F87-AA2E-F865C68C3485} = {40851FED-58C9-4C0C-8079-4113AC24324C}
		{D3D9FE73-3F50-41DB-BA4B-FB5ECC61240A} = {A17D0C64-9581-4F87-AA2E-F865C68C3485}
		{659DEB40-AF04-47C2-8EE5-3527316FD000} = {D3D9FE73-3F50-41DB-BA4B-FB5ECC61240A}
		{BE1067C2-DA5A-4B7B-959B-3889CB9225ED} = {40851FED-58C9-4C0C-8079-4113AC24324C}
		{BC97E57B-5C09-4D42-864C-707BC3FE19CE} = {BE1067C2-DA5A-4B7B-959B-3889CB9225ED}
		{F756E27C-27B9-45FD-A65D-891FB7212950} = {BC97E57B-5C09-4D42-864C-707BC3FE19CE}
		{CE9B5B9F-68FE-403C-8849-C3266C7F39C8} = {40851FED-58C9-4C0C-8079-4113AC24324C}
		{139F0CB0-022B-4122-9B6B-AA555DEE615D} = {CE9B5B9F-68FE-403C-8849-C3266C7F39C8}
		{06517324-9BCF-4C89-BC31-74BDC183CBB5} = {139F0CB0-022B-4122-9B6B-AA555DEE615D}
		{17CECBF5-1120-48C0-B11F-4770869D380B} = {139F0CB0-022B-4122-9B6B-AA555DEE615D}
		{1B4E05A4-321A-40B6-811E-C6FB4C0D2720} = {40851FED-58C9-4C0C-8079-4113AC24324C}
		{11ABE38D-63B0-49B6-B8D1-FDB77852DD7E} = {1B4E05A4-321A-40B6-811E-C6FB4C0D2720}
		{E4920A57-2E83-4F14-A9BC-5538E463338B} = {11ABE38D-63B0-49B6-B8D1-FDB77852DD7E}
		{C9179ABB-1D99-4347-A25B-0D3E75615600} = {11ABE38D-63B0-49B6-B8D1-FDB77852DD7E}
		{BCFD1D48-A91C-41B7-81D4-749F9DAA7FC4} = {40851FED-58C9-4C0C-8079-4113AC24324C}
		{D3A23F6B-F968-4FF9-B7E7-605FD17CAD58} = {BCFD1D48-A91C-41B7-81D4-749F9DAA7FC4}
		{B166DA53-AB8E-4CC9-9219-EA5C40B52557} = {D3A23F6B-F968-4FF9-B7E7-605FD17CAD58}
		{68658D98-23D2-4712-AE2A-A7B60B5308B9} = {D3A23F6B-F968-4FF9-B7E7-605FD17CAD58}
		{9399346E-037F-4201-88D7-E3CAEB047F6D} = {40851FED-58C9-4C0C-8079-4113AC24324C}
		{FF7B5179-DD57-4639-B0FF-C7763E21EB46} = {9399346E-037F-4201-88D7-E3CAEB047F6D}
		{8A0ECA7F-E183-471F-8AE8-4DCB36F83985} = {FF7B5179-DD57-4639-B0FF-C7763E21EB46}
		{199494DE-BE10-4340-9ECF-C12948786C57} = {FF7B5179-DD57-4639-B0FF-C7763E21EB46}
		{219B87C2-403F-44DF-8DC6-D538BAF74F54} = {40851FED-58C9-4C0C-8079-4113AC24324C}
		{FC70A3B9-0E58-4338-BE0A-945334703CBD} = {219B87C2-403F-44DF-8DC6-D538BAF74F54}
		{0143BE55-2A14-48DD-BA2B-4BFE95765367} = {FC70A3B9-0E58-4338-BE0A-945334703CBD}
		{685BD276-1A10-4510-B44B-D879B66AFFA5} = {40851FED-58C9-4C0C-8079-4113AC24324C}
		{700158EA-E3AA-434C-A582-16F9F16F7869} = {685BD276-1A10-4510-B44B-D879B66AFFA5}
		{FD6873AC-3CD3-43EA-86FB-54CB38D7CDEF} = {700158EA-E3AA-434C-A582-16F9F16F7869}
		{DAE94B3D-969E-42C6-BBD8-556E72AC694B} = {700158EA-E3AA-434C-A582-16F9F16F7869}
		{04E08921-3DA2-40CD-BE08-01AB8FA65220} = {40851FED-58C9-4C0C-8079-4113AC24324C}
		{1FC9F3DB-F320-49C9-85F0-D01C6297D112} = {04E08921-3DA2-40CD-BE08-01AB8FA65220}
		{D5287075-7894-428A-BDAB-C080941730AE} = {1FC9F3DB-F320-49C9-85F0-D01C6297D112}
		{19A8EA57-58D2-4B66-AAD4-1BCA05E12982} = {1FC9F3DB-F320-49C9-85F0-D01C6297D112}
		{114B81F6-24B7-44BF-AABF-8C0731FACD51} = {2C900821-4531-4AF8-8A58-429E26CFC9C9}
		{B7BF09EC-6365-44C4-905E-6D58D168A35C} = {2C900821-4531-4AF8-8A58-429E26CFC9C9}
		{AE41A093-2444-4550-98F2-CB74780D2865} = {40851FED-58C9-4C0C-8079-4113AC24324C}
		{36DAF9B6-D46C-436F-ABF8-A0507729CF38} = {AE41A093-2444-4550-98F2-CB74780D2865}
		{46D9AD65-03DD-4FAC-B244-6E5F02765C18} = {36DAF9B6-D46C-436F-ABF8-A0507729CF38}
		{B6DF87F3-4E22-4455-8E7F-404F6B48F84E} = {36DAF9B6-D46C-436F-ABF8-A0507729CF38}
		{366A6139-D89D-41EA-B68A-AD174475E949} = {C81D8549-E2E9-4018-A08B-12A6E72D5066}
		{CEED9D08-E64B-4D7E-95D0-65908A2A73C3} = {366A6139-D89D-41EA-B68A-AD174475E949}
		{3F2F084E-2C1A-46B1-A532-618BBC52C609} = {1FC9F3DB-F320-49C9-85F0-D01C6297D112}
		{5867D28C-1BFB-4CEA-8848-E924FF32B704} = {366A6139-D89D-41EA-B68A-AD174475E949}
		{2C19C14B-861C-475B-BAF3-1533A7B80046} = {366A6139-D89D-41EA-B68A-AD174475E949}
		{8D9C6E0D-2E59-44DC-9ACD-392F27EE6AB5} = {366A6139-D89D-41EA-B68A-AD174475E949}
		{79C8C334-43DC-4E59-9478-83CB5B3BA874} = {366A6139-D89D-41EA-B68A-AD174475E949}
		{3483AB3C-1C6F-4F80-9ABE-6F479F6D99CA} = {40851FED-58C9-4C0C-8079-4113AC24324C}
		{15B9E98F-5AF0-4D21-8179-EC674308D2EE} = {3483AB3C-1C6F-4F80-9ABE-6F479F6D99CA}
		{C6B69950-C844-472A-A06E-408A56E7CD3E} = {15B9E98F-5AF0-4D21-8179-EC674308D2EE}
		{89652F32-4B44-4EF8-908C-71F47014A960} = {15B9E98F-5AF0-4D21-8179-EC674308D2EE}
		{5287D950-A89E-4C51-9A94-89B4D6B74C24} = {366A6139-D89D-41EA-B68A-AD174475E949}
	EndGlobalSection
	GlobalSection(ExtensibilityGlobals) = postSolution
		SolutionGuid = {4213A503-31D0-466C-BFF9-CF5045231DC5}
	EndGlobalSection
EndGlobal
