
Microsoft Visual Studio Solution File, Format Version 12.00
# Visual Studio Version 17
VisualStudioVersion = 17.0.31903.59
MinimumVisualStudioVersion = 10.0.40219.1
Project("{2150E333-8FDC-42A3-9474-1A3956D46DE8}") = "src", "src", "{CE459D83-CF71-44A9-8BDE-A618C22B2A67}"
	ProjectSection(SolutionItems) = preProject
		Notlar.txt = Notlar.txt
	EndProjectSection
EndProject
Project("{2150E333-8FDC-42A3-9474-1A3956D46DE8}") = "Core", "Core", "{40851FED-58C9-4C0C-8079-4113AC24324C}"
EndProject
Project("{2150E333-8FDC-42A3-9474-1A3956D46DE8}") = "Infrastructure", "Infrastructure", "{C3EFEEAE-3669-4D34-B495-03C868A56347}"
EndProject
Project("{2150E333-8FDC-42A3-9474-1A3956D46DE8}") = "Presentation", "Presentation", "{71403D33-9FC4-4782-8431-D62427E26ED2}"
EndProject
Project("{2150E333-8FDC-42A3-9474-1A3956D46DE8}") = "Services", "Services", "{C81D8549-E2E9-4018-A08B-12A6E72D5066}"
EndProject
Project("{2150E333-8FDC-42A3-9474-1A3956D46DE8}") = "Products", "Products", "{2F92952B-DFCE-4F1C-9C6F-F2CF1D6E6C3B}"
EndProject
Project("{2150E333-8FDC-42A3-9474-1A3956D46DE8}") = "Orders", "Orders", "{CD8D6278-9382-4EA1-B86D-DA8EAB790FF9}"
EndProject
Project("{2150E333-8FDC-42A3-9474-1A3956D46DE8}") = "Customers", "Customers", "{C6DA5968-A978-4EB7-89BD-6F93D7140AA6}"
EndProject
Project("{2150E333-8FDC-42A3-9474-1A3956D46DE8}") = "Identity", "Identity", "{E38A0B3A-FEAC-4D6A-B0BC-D031705CAD0D}"
EndProject
Project("{9A19103F-16F7-4668-BE54-9A1E7A4F7556}") = "Orders.API", "src\Services\Orders\Orders.API\Orders.API.csproj", "{CD3A9798-92E6-4C3C-806F-DBA9BB23609A}"
EndProject
Project("{9A19103F-16F7-4668-BE54-9A1E7A4F7556}") = "Orders.Infrastructure", "src\Services\Orders\Orders.Infrastructure\Orders.Infrastructure.csproj", "{B4FDD5C6-E35D-4EC5-9257-72DD0F396C5B}"
EndProject
Project("{9A19103F-16F7-4668-BE54-9A1E7A4F7556}") = "Products.Domain", "src\Services\Products\Products.Domain\Products.Domain.csproj", "{6FCF847B-1BB0-4613-8628-AF900C55A362}"
EndProject
Project("{9A19103F-16F7-4668-BE54-9A1E7A4F7556}") = "Products.API", "src\Services\Products\Products.API\Products.API.csproj", "{196C2B06-D0D0-429D-968A-8D01ACEAAF59}"
EndProject
Project("{9A19103F-16F7-4668-BE54-9A1E7A4F7556}") = "Products.Infrastructure", "src\Services\Products\Products.Infrastructure\Products.Infrastructure.csproj", "{71950A2F-8E7D-41CE-AA4F-9A2B820E1E95}"
EndProject
Project("{2150E333-8FDC-42A3-9474-1A3956D46DE8}") = "BuildingBlocks", "BuildingBlocks", "{C2BAF751-D63C-4832-81B5-D8277BDB300F}"
EndProject
Project("{9A19103F-16F7-4668-BE54-9A1E7A4F7556}") = "ECommerceLP.Application", "src\Core\ECommerceLP.Application\ECommerceLP.Application.csproj", "{09E9B11D-1499-4920-BC21-CCD926E8FE4A}"
EndProject
Project("{9A19103F-16F7-4668-BE54-9A1E7A4F7556}") = "ECommerceLP.Domain", "src\Core\ECommerceLP.Domain\ECommerceLP.Domain.csproj", "{CF5611BA-53FD-4C1B-A3B5-42247E077C97}"
EndProject
Project("{9A19103F-16F7-4668-BE54-9A1E7A4F7556}") = "ECommerceLP.Infrastructure", "src\Infrastructure\ECommerceLP.Infrastructure\ECommerceLP.Infrastructure.csproj", "{489AF7BF-6DB4-44F9-B1D2-5F2A755F8964}"
EndProject
Project("{9A19103F-16F7-4668-BE54-9A1E7A4F7556}") = "Identity.Domain", "src\Services\Identity\Identity.Domain\Identity.Domain.csproj", "{0DB676A1-4B8E-4197-9196-29D0FE65F1A3}"
EndProject
Project("{9A19103F-16F7-4668-BE54-9A1E7A4F7556}") = "Identity.API", "src\Services\Identity\Identity.API\Identity.API.csproj", "{10A149C3-B4B0-4029-928D-165EC33D0067}"
EndProject
Project("{9A19103F-16F7-4668-BE54-9A1E7A4F7556}") = "Identity.Common", "src\Services\Identity\Identity.Common\Identity.Common.csproj", "{B3487DF2-C511-442A-8746-FB8C55FEE7C4}"
EndProject
Project("{9A19103F-16F7-4668-BE54-9A1E7A4F7556}") = "Identity.Infrastructure", "src\Services\Identity\Identity.Infrastructure\Identity.Infrastructure.csproj", "{DC8AE7EE-D31E-4312-86CF-0562059068A0}"
EndProject
Project("{9A19103F-16F7-4668-BE54-9A1E7A4F7556}") = "Identity.Application", "src\Services\Identity\Identity.Application\Identity.Application.csproj", "{CEE993A6-A813-4BB5-992A-27CD1E18ECA5}"
EndProject
Project("{9A19103F-16F7-4668-BE54-9A1E7A4F7556}") = "Identity.Persistence", "src\Services\Identity\Identity.Persistence\Identity.Persistence.csproj", "{DCCAE730-B7DF-4912-8EBE-FBBEB10E14A7}"
EndProject
Project("{9A19103F-16F7-4668-BE54-9A1E7A4F7556}") = "ECommerceLP.Api", "src\Core\ECommerceLP.Api\ECommerceLP.Api.csproj", "{08E2222E-B39A-4520-876C-AE34C63378C3}"
EndProject
Project("{9A19103F-16F7-4668-BE54-9A1E7A4F7556}") = "ECommerceLP.Common", "src\Core\ECommerceLP.Common\ECommerceLP.Common.csproj", "{B2BAD892-D22E-4E8E-B84B-791801917622}"
EndProject
Project("{2150E333-8FDC-42A3-9474-1A3956D46DE8}") = "Catalogs", "Catalogs", "{20F35552-E7E2-4F22-9CD4-78FDD8A8AE4C}"
EndProject
Project("{9A19103F-16F7-4668-BE54-9A1E7A4F7556}") = "Catalogs.Domain", "src\Services\Catalogs\Catalogs.Domain\Catalogs.Domain.csproj", "{871DA2AE-695D-4933-9BDD-5A494F224C21}"
EndProject
Project("{9A19103F-16F7-4668-BE54-9A1E7A4F7556}") = "Catalogs.Application", "src\Services\Catalogs\Catalogs.Application\Catalogs.Application.csproj", "{347C6AFF-8CA7-436D-9579-92B42029AB43}"
EndProject
Project("{9A19103F-16F7-4668-BE54-9A1E7A4F7556}") = "Catalogs.Persistence", "src\Services\Catalogs\Catalogs.Persistence\Catalogs.Persistence.csproj", "{6C2991E0-6FB2-4C4B-AE0F-297A034C5B2F}"
EndProject
Project("{9A19103F-16F7-4668-BE54-9A1E7A4F7556}") = "Catalogs.API", "src\Services\Catalogs\Catalogs.API\Catalogs.API.csproj", "{C27AB1B5-6FC3-4F3D-B692-3AAEFA6C2142}"
EndProject
Project("{9A19103F-16F7-4668-BE54-9A1E7A4F7556}") = "ECommerceLP.Persistence", "src\Infrastructure\ECommerceLP.Persistence\ECommerceLP.Persistence.csproj", "{52BDAF00-2C26-4D36-B276-146479EC9BE5}"
EndProject
Project("{9A19103F-16F7-4668-BE54-9A1E7A4F7556}") = "Catalogs.Common", "src\Services\Catalogs\Catalogs.Common\Catalogs.Common.csproj", "{21FACDAE-6ABF-4B7C-A583-D426D2E60B54}"
EndProject
Project("{9A19103F-16F7-4668-BE54-9A1E7A4F7556}") = "Orders.Domain", "src\Services\Orders\Orders.Domain\Orders.Domain\Orders.Domain.csproj", "{6F91E551-192A-4FCF-A459-941B08337142}"
EndProject
Project("{9A19103F-16F7-4668-BE54-9A1E7A4F7556}") = "Orders.Application", "src\Services\Orders\Orders.Application\Orders.Application.csproj", "{BBB7AAA8-1EBA-4A72-ABAC-3338E5406223}"
EndProject
Project("{9A19103F-16F7-4668-BE54-9A1E7A4F7556}") = "Orders.Common", "src\Services\Orders\Orders.Common\Orders.Common.csproj", "{BF8BF091-E496-4E6D-AA28-5BE3A2D12C8B}"
EndProject
Project("{FAE04EC0-301F-11D3-BF4B-00C04F79EFBC}") = "Products.Persistence", "src\Services\Products\Products.Persistence\Products.Persistence.csproj", "{3B610306-B985-46E2-9A4F-9F454C73FE0B}"
EndProject
Project("{FAE04EC0-301F-11D3-BF4B-00C04F79EFBC}") = "Orders.Persistence", "src\Services\Orders\Orders.Persistence\Orders.Persistence.csproj", "{3C85880E-80DE-44EA-ABBC-A0F605922A5B}"
EndProject
Global
	GlobalSection(SolutionConfigurationPlatforms) = preSolution
		Debug|Any CPU = Debug|Any CPU
		Release|Any CPU = Release|Any CPU
	EndGlobalSection
	GlobalSection(ProjectConfigurationPlatforms) = postSolution
		{CD3A9798-92E6-4C3C-806F-DBA9BB23609A}.Debug|Any CPU.ActiveCfg = Debug|Any CPU
		{CD3A9798-92E6-4C3C-806F-DBA9BB23609A}.Debug|Any CPU.Build.0 = Debug|Any CPU
		{CD3A9798-92E6-4C3C-806F-DBA9BB23609A}.Release|Any CPU.ActiveCfg = Release|Any CPU
		{CD3A9798-92E6-4C3C-806F-DBA9BB23609A}.Release|Any CPU.Build.0 = Release|Any CPU
		{B4FDD5C6-E35D-4EC5-9257-72DD0F396C5B}.Debug|Any CPU.ActiveCfg = Debug|Any CPU
		{B4FDD5C6-E35D-4EC5-9257-72DD0F396C5B}.Debug|Any CPU.Build.0 = Debug|Any CPU
		{B4FDD5C6-E35D-4EC5-9257-72DD0F396C5B}.Release|Any CPU.ActiveCfg = Release|Any CPU
		{B4FDD5C6-E35D-4EC5-9257-72DD0F396C5B}.Release|Any CPU.Build.0 = Release|Any CPU
		{6FCF847B-1BB0-4613-8628-AF900C55A362}.Debug|Any CPU.ActiveCfg = Debug|Any CPU
		{6FCF847B-1BB0-4613-8628-AF900C55A362}.Debug|Any CPU.Build.0 = Debug|Any CPU
		{6FCF847B-1BB0-4613-8628-AF900C55A362}.Release|Any CPU.ActiveCfg = Release|Any CPU
		{6FCF847B-1BB0-4613-8628-AF900C55A362}.Release|Any CPU.Build.0 = Release|Any CPU
		{196C2B06-D0D0-429D-968A-8D01ACEAAF59}.Debug|Any CPU.ActiveCfg = Debug|Any CPU
		{196C2B06-D0D0-429D-968A-8D01ACEAAF59}.Debug|Any CPU.Build.0 = Debug|Any CPU
		{196C2B06-D0D0-429D-968A-8D01ACEAAF59}.Release|Any CPU.ActiveCfg = Release|Any CPU
		{196C2B06-D0D0-429D-968A-8D01ACEAAF59}.Release|Any CPU.Build.0 = Release|Any CPU
		{71950A2F-8E7D-41CE-AA4F-9A2B820E1E95}.Debug|Any CPU.ActiveCfg = Debug|Any CPU
		{71950A2F-8E7D-41CE-AA4F-9A2B820E1E95}.Debug|Any CPU.Build.0 = Debug|Any CPU
		{71950A2F-8E7D-41CE-AA4F-9A2B820E1E95}.Release|Any CPU.ActiveCfg = Release|Any CPU
		{71950A2F-8E7D-41CE-AA4F-9A2B820E1E95}.Release|Any CPU.Build.0 = Release|Any CPU
		{09E9B11D-1499-4920-BC21-CCD926E8FE4A}.Debug|Any CPU.ActiveCfg = Debug|Any CPU
		{09E9B11D-1499-4920-BC21-CCD926E8FE4A}.Debug|Any CPU.Build.0 = Debug|Any CPU
		{09E9B11D-1499-4920-BC21-CCD926E8FE4A}.Release|Any CPU.ActiveCfg = Release|Any CPU
		{09E9B11D-1499-4920-BC21-CCD926E8FE4A}.Release|Any CPU.Build.0 = Release|Any CPU
		{CF5611BA-53FD-4C1B-A3B5-42247E077C97}.Debug|Any CPU.ActiveCfg = Debug|Any CPU
		{CF5611BA-53FD-4C1B-A3B5-42247E077C97}.Debug|Any CPU.Build.0 = Debug|Any CPU
		{CF5611BA-53FD-4C1B-A3B5-42247E077C97}.Release|Any CPU.ActiveCfg = Release|Any CPU
		{CF5611BA-53FD-4C1B-A3B5-42247E077C97}.Release|Any CPU.Build.0 = Release|Any CPU
		{489AF7BF-6DB4-44F9-B1D2-5F2A755F8964}.Debug|Any CPU.ActiveCfg = Debug|Any CPU
		{489AF7BF-6DB4-44F9-B1D2-5F2A755F8964}.Debug|Any CPU.Build.0 = Debug|Any CPU
		{489AF7BF-6DB4-44F9-B1D2-5F2A755F8964}.Release|Any CPU.ActiveCfg = Release|Any CPU
		{489AF7BF-6DB4-44F9-B1D2-5F2A755F8964}.Release|Any CPU.Build.0 = Release|Any CPU
		{0DB676A1-4B8E-4197-9196-29D0FE65F1A3}.Debug|Any CPU.ActiveCfg = Debug|Any CPU
		{0DB676A1-4B8E-4197-9196-29D0FE65F1A3}.Debug|Any CPU.Build.0 = Debug|Any CPU
		{0DB676A1-4B8E-4197-9196-29D0FE65F1A3}.Release|Any CPU.ActiveCfg = Release|Any CPU
		{0DB676A1-4B8E-4197-9196-29D0FE65F1A3}.Release|Any CPU.Build.0 = Release|Any CPU
		{10A149C3-B4B0-4029-928D-165EC33D0067}.Debug|Any CPU.ActiveCfg = Debug|Any CPU
		{10A149C3-B4B0-4029-928D-165EC33D0067}.Debug|Any CPU.Build.0 = Debug|Any CPU
		{10A149C3-B4B0-4029-928D-165EC33D0067}.Release|Any CPU.ActiveCfg = Release|Any CPU
		{10A149C3-B4B0-4029-928D-165EC33D0067}.Release|Any CPU.Build.0 = Release|Any CPU
		{B3487DF2-C511-442A-8746-FB8C55FEE7C4}.Debug|Any CPU.ActiveCfg = Debug|Any CPU
		{B3487DF2-C511-442A-8746-FB8C55FEE7C4}.Debug|Any CPU.Build.0 = Debug|Any CPU
		{B3487DF2-C511-442A-8746-FB8C55FEE7C4}.Release|Any CPU.ActiveCfg = Release|Any CPU
		{B3487DF2-C511-442A-8746-FB8C55FEE7C4}.Release|Any CPU.Build.0 = Release|Any CPU
		{DC8AE7EE-D31E-4312-86CF-0562059068A0}.Debug|Any CPU.ActiveCfg = Debug|Any CPU
		{DC8AE7EE-D31E-4312-86CF-0562059068A0}.Debug|Any CPU.Build.0 = Debug|Any CPU
		{DC8AE7EE-D31E-4312-86CF-0562059068A0}.Release|Any CPU.ActiveCfg = Release|Any CPU
		{DC8AE7EE-D31E-4312-86CF-0562059068A0}.Release|Any CPU.Build.0 = Release|Any CPU
		{CEE993A6-A813-4BB5-992A-27CD1E18ECA5}.Debug|Any CPU.ActiveCfg = Debug|Any CPU
		{CEE993A6-A813-4BB5-992A-27CD1E18ECA5}.Debug|Any CPU.Build.0 = Debug|Any CPU
		{CEE993A6-A813-4BB5-992A-27CD1E18ECA5}.Release|Any CPU.ActiveCfg = Release|Any CPU
		{CEE993A6-A813-4BB5-992A-27CD1E18ECA5}.Release|Any CPU.Build.0 = Release|Any CPU
		{DCCAE730-B7DF-4912-8EBE-FBBEB10E14A7}.Debug|Any CPU.ActiveCfg = Debug|Any CPU
		{DCCAE730-B7DF-4912-8EBE-FBBEB10E14A7}.Debug|Any CPU.Build.0 = Debug|Any CPU
		{DCCAE730-B7DF-4912-8EBE-FBBEB10E14A7}.Release|Any CPU.ActiveCfg = Release|Any CPU
		{DCCAE730-B7DF-4912-8EBE-FBBEB10E14A7}.Release|Any CPU.Build.0 = Release|Any CPU
		{08E2222E-B39A-4520-876C-AE34C63378C3}.Debug|Any CPU.ActiveCfg = Debug|Any CPU
		{08E2222E-B39A-4520-876C-AE34C63378C3}.Debug|Any CPU.Build.0 = Debug|Any CPU
		{08E2222E-B39A-4520-876C-AE34C63378C3}.Release|Any CPU.ActiveCfg = Release|Any CPU
		{08E2222E-B39A-4520-876C-AE34C63378C3}.Release|Any CPU.Build.0 = Release|Any CPU
		{B2BAD892-D22E-4E8E-B84B-791801917622}.Debug|Any CPU.ActiveCfg = Debug|Any CPU
		{B2BAD892-D22E-4E8E-B84B-791801917622}.Debug|Any CPU.Build.0 = Debug|Any CPU
		{B2BAD892-D22E-4E8E-B84B-791801917622}.Release|Any CPU.ActiveCfg = Release|Any CPU
		{B2BAD892-D22E-4E8E-B84B-791801917622}.Release|Any CPU.Build.0 = Release|Any CPU
		{871DA2AE-695D-4933-9BDD-5A494F224C21}.Debug|Any CPU.ActiveCfg = Debug|Any CPU
		{871DA2AE-695D-4933-9BDD-5A494F224C21}.Debug|Any CPU.Build.0 = Debug|Any CPU
		{871DA2AE-695D-4933-9BDD-5A494F224C21}.Release|Any CPU.ActiveCfg = Release|Any CPU
		{871DA2AE-695D-4933-9BDD-5A494F224C21}.Release|Any CPU.Build.0 = Release|Any CPU
		{347C6AFF-8CA7-436D-9579-92B42029AB43}.Debug|Any CPU.ActiveCfg = Debug|Any CPU
		{347C6AFF-8CA7-436D-9579-92B42029AB43}.Debug|Any CPU.Build.0 = Debug|Any CPU
		{347C6AFF-8CA7-436D-9579-92B42029AB43}.Release|Any CPU.ActiveCfg = Release|Any CPU
		{347C6AFF-8CA7-436D-9579-92B42029AB43}.Release|Any CPU.Build.0 = Release|Any CPU
		{6C2991E0-6FB2-4C4B-AE0F-297A034C5B2F}.Debug|Any CPU.ActiveCfg = Debug|Any CPU
		{6C2991E0-6FB2-4C4B-AE0F-297A034C5B2F}.Debug|Any CPU.Build.0 = Debug|Any CPU
		{6C2991E0-6FB2-4C4B-AE0F-297A034C5B2F}.Release|Any CPU.ActiveCfg = Release|Any CPU
		{6C2991E0-6FB2-4C4B-AE0F-297A034C5B2F}.Release|Any CPU.Build.0 = Release|Any CPU
		{C27AB1B5-6FC3-4F3D-B692-3AAEFA6C2142}.Debug|Any CPU.ActiveCfg = Debug|Any CPU
		{C27AB1B5-6FC3-4F3D-B692-3AAEFA6C2142}.Debug|Any CPU.Build.0 = Debug|Any CPU
		{C27AB1B5-6FC3-4F3D-B692-3AAEFA6C2142}.Release|Any CPU.ActiveCfg = Release|Any CPU
		{C27AB1B5-6FC3-4F3D-B692-3AAEFA6C2142}.Release|Any CPU.Build.0 = Release|Any CPU
		{52BDAF00-2C26-4D36-B276-146479EC9BE5}.Debug|Any CPU.ActiveCfg = Debug|Any CPU
		{52BDAF00-2C26-4D36-B276-146479EC9BE5}.Debug|Any CPU.Build.0 = Debug|Any CPU
		{52BDAF00-2C26-4D36-B276-146479EC9BE5}.Release|Any CPU.ActiveCfg = Release|Any CPU
		{52BDAF00-2C26-4D36-B276-146479EC9BE5}.Release|Any CPU.Build.0 = Release|Any CPU
		{21FACDAE-6ABF-4B7C-A583-D426D2E60B54}.Debug|Any CPU.ActiveCfg = Debug|Any CPU
		{21FACDAE-6ABF-4B7C-A583-D426D2E60B54}.Debug|Any CPU.Build.0 = Debug|Any CPU
		{21FACDAE-6ABF-4B7C-A583-D426D2E60B54}.Release|Any CPU.ActiveCfg = Release|Any CPU
		{21FACDAE-6ABF-4B7C-A583-D426D2E60B54}.Release|Any CPU.Build.0 = Release|Any CPU
		{6F91E551-192A-4FCF-A459-941B08337142}.Debug|Any CPU.ActiveCfg = Debug|Any CPU
		{6F91E551-192A-4FCF-A459-941B08337142}.Debug|Any CPU.Build.0 = Debug|Any CPU
		{6F91E551-192A-4FCF-A459-941B08337142}.Release|Any CPU.ActiveCfg = Release|Any CPU
		{6F91E551-192A-4FCF-A459-941B08337142}.Release|Any CPU.Build.0 = Release|Any CPU
		{BBB7AAA8-1EBA-4A72-ABAC-3338E5406223}.Debug|Any CPU.ActiveCfg = Debug|Any CPU
		{BBB7AAA8-1EBA-4A72-ABAC-3338E5406223}.Debug|Any CPU.Build.0 = Debug|Any CPU
		{BBB7AAA8-1EBA-4A72-ABAC-3338E5406223}.Release|Any CPU.ActiveCfg = Release|Any CPU
		{BBB7AAA8-1EBA-4A72-ABAC-3338E5406223}.Release|Any CPU.Build.0 = Release|Any CPU
		{BF8BF091-E496-4E6D-AA28-5BE3A2D12C8B}.Debug|Any CPU.ActiveCfg = Debug|Any CPU
		{BF8BF091-E496-4E6D-AA28-5BE3A2D12C8B}.Debug|Any CPU.Build.0 = Debug|Any CPU
		{BF8BF091-E496-4E6D-AA28-5BE3A2D12C8B}.Release|Any CPU.ActiveCfg = Release|Any CPU
		{BF8BF091-E496-4E6D-AA28-5BE3A2D12C8B}.Release|Any CPU.Build.0 = Release|Any CPU
		{3B610306-B985-46E2-9A4F-9F454C73FE0B}.Debug|Any CPU.ActiveCfg = Debug|Any CPU
		{3B610306-B985-46E2-9A4F-9F454C73FE0B}.Debug|Any CPU.Build.0 = Debug|Any CPU
		{3B610306-B985-46E2-9A4F-9F454C73FE0B}.Release|Any CPU.ActiveCfg = Release|Any CPU
		{3B610306-B985-46E2-9A4F-9F454C73FE0B}.Release|Any CPU.Build.0 = Release|Any CPU
		{3C85880E-80DE-44EA-ABBC-A0F605922A5B}.Debug|Any CPU.ActiveCfg = Debug|Any CPU
		{3C85880E-80DE-44EA-ABBC-A0F605922A5B}.Debug|Any CPU.Build.0 = Debug|Any CPU
		{3C85880E-80DE-44EA-ABBC-A0F605922A5B}.Release|Any CPU.ActiveCfg = Release|Any CPU
		{3C85880E-80DE-44EA-ABBC-A0F605922A5B}.Release|Any CPU.Build.0 = Release|Any CPU
	EndGlobalSection
	GlobalSection(SolutionProperties) = preSolution
		HideSolutionNode = FALSE
	EndGlobalSection
	GlobalSection(NestedProjects) = preSolution
		{40851FED-58C9-4C0C-8079-4113AC24324C} = {CE459D83-CF71-44A9-8BDE-A618C22B2A67}
		{C3EFEEAE-3669-4D34-B495-03C868A56347} = {CE459D83-CF71-44A9-8BDE-A618C22B2A67}
		{71403D33-9FC4-4782-8431-D62427E26ED2} = {CE459D83-CF71-44A9-8BDE-A618C22B2A67}
		{C81D8549-E2E9-4018-A08B-12A6E72D5066} = {CE459D83-CF71-44A9-8BDE-A618C22B2A67}
		{2F92952B-DFCE-4F1C-9C6F-F2CF1D6E6C3B} = {C81D8549-E2E9-4018-A08B-12A6E72D5066}
		{CD8D6278-9382-4EA1-B86D-DA8EAB790FF9} = {C81D8549-E2E9-4018-A08B-12A6E72D5066}
		{C6DA5968-A978-4EB7-89BD-6F93D7140AA6} = {C81D8549-E2E9-4018-A08B-12A6E72D5066}
		{E38A0B3A-FEAC-4D6A-B0BC-D031705CAD0D} = {C81D8549-E2E9-4018-A08B-12A6E72D5066}
		{CD3A9798-92E6-4C3C-806F-DBA9BB23609A} = {CD8D6278-9382-4EA1-B86D-DA8EAB790FF9}
		{B4FDD5C6-E35D-4EC5-9257-72DD0F396C5B} = {CD8D6278-9382-4EA1-B86D-DA8EAB790FF9}
		{6FCF847B-1BB0-4613-8628-AF900C55A362} = {2F92952B-DFCE-4F1C-9C6F-F2CF1D6E6C3B}
		{196C2B06-D0D0-429D-968A-8D01ACEAAF59} = {2F92952B-DFCE-4F1C-9C6F-F2CF1D6E6C3B}
		{71950A2F-8E7D-41CE-AA4F-9A2B820E1E95} = {2F92952B-DFCE-4F1C-9C6F-F2CF1D6E6C3B}
		{C2BAF751-D63C-4832-81B5-D8277BDB300F} = {CE459D83-CF71-44A9-8BDE-A618C22B2A67}
		{09E9B11D-1499-4920-BC21-CCD926E8FE4A} = {40851FED-58C9-4C0C-8079-4113AC24324C}
		{CF5611BA-53FD-4C1B-A3B5-42247E077C97} = {40851FED-58C9-4C0C-8079-4113AC24324C}
		{489AF7BF-6DB4-44F9-B1D2-5F2A755F8964} = {C3EFEEAE-3669-4D34-B495-03C868A56347}
		{0DB676A1-4B8E-4197-9196-29D0FE65F1A3} = {E38A0B3A-FEAC-4D6A-B0BC-D031705CAD0D}
		{10A149C3-B4B0-4029-928D-165EC33D0067} = {E38A0B3A-FEAC-4D6A-B0BC-D031705CAD0D}
		{B3487DF2-C511-442A-8746-FB8C55FEE7C4} = {E38A0B3A-FEAC-4D6A-B0BC-D031705CAD0D}
		{DC8AE7EE-D31E-4312-86CF-0562059068A0} = {E38A0B3A-FEAC-4D6A-B0BC-D031705CAD0D}
		{CEE993A6-A813-4BB5-992A-27CD1E18ECA5} = {E38A0B3A-FEAC-4D6A-B0BC-D031705CAD0D}
		{DCCAE730-B7DF-4912-8EBE-FBBEB10E14A7} = {E38A0B3A-FEAC-4D6A-B0BC-D031705CAD0D}
		{08E2222E-B39A-4520-876C-AE34C63378C3} = {40851FED-58C9-4C0C-8079-4113AC24324C}
		{B2BAD892-D22E-4E8E-B84B-791801917622} = {40851FED-58C9-4C0C-8079-4113AC24324C}
		{20F35552-E7E2-4F22-9CD4-78FDD8A8AE4C} = {C81D8549-E2E9-4018-A08B-12A6E72D5066}
		{871DA2AE-695D-4933-9BDD-5A494F224C21} = {20F35552-E7E2-4F22-9CD4-78FDD8A8AE4C}
		{347C6AFF-8CA7-436D-9579-92B42029AB43} = {20F35552-E7E2-4F22-9CD4-78FDD8A8AE4C}
		{6C2991E0-6FB2-4C4B-AE0F-297A034C5B2F} = {20F35552-E7E2-4F22-9CD4-78FDD8A8AE4C}
		{C27AB1B5-6FC3-4F3D-B692-3AAEFA6C2142} = {20F35552-E7E2-4F22-9CD4-78FDD8A8AE4C}
		{52BDAF00-2C26-4D36-B276-146479EC9BE5} = {C3EFEEAE-3669-4D34-B495-03C868A56347}
		{21FACDAE-6ABF-4B7C-A583-D426D2E60B54} = {20F35552-E7E2-4F22-9CD4-78FDD8A8AE4C}
		{6F91E551-192A-4FCF-A459-941B08337142} = {CD8D6278-9382-4EA1-B86D-DA8EAB790FF9}
		{BBB7AAA8-1EBA-4A72-ABAC-3338E5406223} = {CD8D6278-9382-4EA1-B86D-DA8EAB790FF9}
		{BF8BF091-E496-4E6D-AA28-5BE3A2D12C8B} = {CD8D6278-9382-4EA1-B86D-DA8EAB790FF9}
		{3B610306-B985-46E2-9A4F-9F454C73FE0B} = {2F92952B-DFCE-4F1C-9C6F-F2CF1D6E6C3B}
		{3C85880E-80DE-44EA-ABBC-A0F605922A5B} = {CD8D6278-9382-4EA1-B86D-DA8EAB790FF9}
	EndGlobalSection
	GlobalSection(ExtensibilityGlobals) = postSolution
		SolutionGuid = {4213A503-31D0-466C-BFF9-CF5045231DC5}
	EndGlobalSection
EndGlobal
